// !$*UTF8*$!
{
	archiveVersion = 1;
	classes = {
	};
	objectVersion = 56;
	objects = {

/* Begin PBXBuildFile section */
		6A4075592B80D3B600D81A02 /* Player.swift in Sources */ = {isa = PBXBuildFile; fileRef = 6A4075582B80D3B600D81A02 /* Player.swift */; };
		6A40755B2B80D72E00D81A02 /* HookJoint.swift in Sources */ = {isa = PBXBuildFile; fileRef = 6A40755A2B80D72E00D81A02 /* HookJoint.swift */; };
		6A4FBA562B7FF943002CBF2C /* AppDelegate.swift in Sources */ = {isa = PBXBuildFile; fileRef = 6A4FBA552B7FF943002CBF2C /* AppDelegate.swift */; };
		6A4FBA582B7FF943002CBF2C /* GameScene.sks in Resources */ = {isa = PBXBuildFile; fileRef = 6A4FBA572B7FF943002CBF2C /* GameScene.sks */; };
		6A4FBA5C2B7FF943002CBF2C /* GameScene.swift in Sources */ = {isa = PBXBuildFile; fileRef = 6A4FBA5B2B7FF943002CBF2C /* GameScene.swift */; };
		6A4FBA5E2B7FF943002CBF2C /* GameViewController.swift in Sources */ = {isa = PBXBuildFile; fileRef = 6A4FBA5D2B7FF943002CBF2C /* GameViewController.swift */; };
		6A4FBA612B7FF943002CBF2C /* Main.storyboard in Resources */ = {isa = PBXBuildFile; fileRef = 6A4FBA5F2B7FF943002CBF2C /* Main.storyboard */; };
		6A4FBA632B7FF946002CBF2C /* Assets.xcassets in Resources */ = {isa = PBXBuildFile; fileRef = 6A4FBA622B7FF946002CBF2C /* Assets.xcassets */; };
		6A4FBA662B7FF946002CBF2C /* LaunchScreen.storyboard in Resources */ = {isa = PBXBuildFile; fileRef = 6A4FBA642B7FF946002CBF2C /* LaunchScreen.storyboard */; };
		6A4FBA6D2B7FFB59002CBF2C /* ProgressBar.swift in Sources */ = {isa = PBXBuildFile; fileRef = 6A4FBA6C2B7FFB59002CBF2C /* ProgressBar.swift */; };
/* End PBXBuildFile section */

/* Begin PBXFileReference section */
		6A4075582B80D3B600D81A02 /* Player.swift */ = {isa = PBXFileReference; lastKnownFileType = sourcecode.swift; path = Player.swift; sourceTree = "<group>"; };
		6A40755A2B80D72E00D81A02 /* HookJoint.swift */ = {isa = PBXFileReference; lastKnownFileType = sourcecode.swift; path = HookJoint.swift; sourceTree = "<group>"; };
		6A4FBA522B7FF943002CBF2C /* JumpBallPhysics.app */ = {isa = PBXFileReference; explicitFileType = wrapper.application; includeInIndex = 0; path = JumpBallPhysics.app; sourceTree = BUILT_PRODUCTS_DIR; };
		6A4FBA552B7FF943002CBF2C /* AppDelegate.swift */ = {isa = PBXFileReference; lastKnownFileType = sourcecode.swift; path = AppDelegate.swift; sourceTree = "<group>"; };
		6A4FBA572B7FF943002CBF2C /* GameScene.sks */ = {isa = PBXFileReference; lastKnownFileType = file.sks; path = GameScene.sks; sourceTree = "<group>"; };
		6A4FBA5B2B7FF943002CBF2C /* GameScene.swift */ = {isa = PBXFileReference; lastKnownFileType = sourcecode.swift; path = GameScene.swift; sourceTree = "<group>"; };
		6A4FBA5D2B7FF943002CBF2C /* GameViewController.swift */ = {isa = PBXFileReference; lastKnownFileType = sourcecode.swift; path = GameViewController.swift; sourceTree = "<group>"; };
		6A4FBA602B7FF943002CBF2C /* Base */ = {isa = PBXFileReference; lastKnownFileType = file.storyboard; name = Base; path = Base.lproj/Main.storyboard; sourceTree = "<group>"; };
		6A4FBA622B7FF946002CBF2C /* Assets.xcassets */ = {isa = PBXFileReference; lastKnownFileType = folder.assetcatalog; path = Assets.xcassets; sourceTree = "<group>"; };
		6A4FBA652B7FF946002CBF2C /* Base */ = {isa = PBXFileReference; lastKnownFileType = file.storyboard; name = Base; path = Base.lproj/LaunchScreen.storyboard; sourceTree = "<group>"; };
		6A4FBA6C2B7FFB59002CBF2C /* ProgressBar.swift */ = {isa = PBXFileReference; lastKnownFileType = sourcecode.swift; path = ProgressBar.swift; sourceTree = "<group>"; };
/* End PBXFileReference section */

/* Begin PBXFrameworksBuildPhase section */
		6A4FBA4F2B7FF943002CBF2C /* Frameworks */ = {
			isa = PBXFrameworksBuildPhase;
			buildActionMask = 2147483647;
			files = (
			);
			runOnlyForDeploymentPostprocessing = 0;
		};
/* End PBXFrameworksBuildPhase section */

/* Begin PBXGroup section */
		6A4FBA492B7FF943002CBF2C = {
			isa = PBXGroup;
			children = (
				6A4FBA542B7FF943002CBF2C /* JumpBallPhysics */,
				6A4FBA532B7FF943002CBF2C /* Products */,
			);
			sourceTree = "<group>";
		};
		6A4FBA532B7FF943002CBF2C /* Products */ = {
			isa = PBXGroup;
			children = (
				6A4FBA522B7FF943002CBF2C /* JumpBallPhysics.app */,
			);
			name = Products;
			sourceTree = "<group>";
		};
		6A4FBA542B7FF943002CBF2C /* JumpBallPhysics */ = {
			isa = PBXGroup;
			children = (
				6A4FBA552B7FF943002CBF2C /* AppDelegate.swift */,
				6A4FBA572B7FF943002CBF2C /* GameScene.sks */,
				6A4FBA5B2B7FF943002CBF2C /* GameScene.swift */,
				6A4075582B80D3B600D81A02 /* Player.swift */,
				6A40755A2B80D72E00D81A02 /* HookJoint.swift */,
				6A4FBA5D2B7FF943002CBF2C /* GameViewController.swift */,
				6A4FBA6C2B7FFB59002CBF2C /* ProgressBar.swift */,
				6A4FBA5F2B7FF943002CBF2C /* Main.storyboard */,
				6A4FBA622B7FF946002CBF2C /* Assets.xcassets */,
				6A4FBA642B7FF946002CBF2C /* LaunchScreen.storyboard */,
			);
			path = JumpBallPhysics;
			sourceTree = "<group>";
		};
/* End PBXGroup section */

/* Begin PBXNativeTarget section */
		6A4FBA512B7FF943002CBF2C /* JumpBallPhysics */ = {
			isa = PBXNativeTarget;
			buildConfigurationList = 6A4FBA692B7FF946002CBF2C /* Build configuration list for PBXNativeTarget "JumpBallPhysics" */;
			buildPhases = (
				6A4FBA4E2B7FF943002CBF2C /* Sources */,
				6A4FBA4F2B7FF943002CBF2C /* Frameworks */,
				6A4FBA502B7FF943002CBF2C /* Resources */,
			);
			buildRules = (
			);
			dependencies = (
			);
			name = JumpBallPhysics;
			productName = SandBox;
			productReference = 6A4FBA522B7FF943002CBF2C /* JumpBallPhysics.app */;
			productType = "com.apple.product-type.application";
		};
/* End PBXNativeTarget section */

/* Begin PBXProject section */
		6A4FBA4A2B7FF943002CBF2C /* Project object */ = {
			isa = PBXProject;
			attributes = {
				BuildIndependentTargetsInParallel = 1;
				LastSwiftUpdateCheck = 1520;
				LastUpgradeCheck = 1520;
				TargetAttributes = {
					6A4FBA512B7FF943002CBF2C = {
						CreatedOnToolsVersion = 15.2;
					};
				};
			};
			buildConfigurationList = 6A4FBA4D2B7FF943002CBF2C /* Build configuration list for PBXProject "JumpBallPhysics" */;
			compatibilityVersion = "Xcode 14.0";
			developmentRegion = en;
			hasScannedForEncodings = 0;
			knownRegions = (
				en,
				Base,
			);
			mainGroup = 6A4FBA492B7FF943002CBF2C;
			productRefGroup = 6A4FBA532B7FF943002CBF2C /* Products */;
			projectDirPath = "";
			projectRoot = "";
			targets = (
				6A4FBA512B7FF943002CBF2C /* JumpBallPhysics */,
			);
		};
/* End PBXProject section */

/* Begin PBXResourcesBuildPhase section */
		6A4FBA502B7FF943002CBF2C /* Resources */ = {
			isa = PBXResourcesBuildPhase;
			buildActionMask = 2147483647;
			files = (
				6A4FBA612B7FF943002CBF2C /* Main.storyboard in Resources */,
				6A4FBA582B7FF943002CBF2C /* GameScene.sks in Resources */,
				6A4FBA632B7FF946002CBF2C /* Assets.xcassets in Resources */,
				6A4FBA662B7FF946002CBF2C /* LaunchScreen.storyboard in Resources */,
			);
			runOnlyForDeploymentPostprocessing = 0;
		};
/* End PBXResourcesBuildPhase section */

/* Begin PBXSourcesBuildPhase section */
		6A4FBA4E2B7FF943002CBF2C /* Sources */ = {
			isa = PBXSourcesBuildPhase;
			buildActionMask = 2147483647;
			files = (
				6A4FBA5C2B7FF943002CBF2C /* GameScene.swift in Sources */,
				6A40755B2B80D72E00D81A02 /* HookJoint.swift in Sources */,
				6A4FBA5E2B7FF943002CBF2C /* GameViewController.swift in Sources */,
				6A4FBA6D2B7FFB59002CBF2C /* ProgressBar.swift in Sources */,
				6A4075592B80D3B600D81A02 /* Player.swift in Sources */,
				6A4FBA562B7FF943002CBF2C /* AppDelegate.swift in Sources */,
			);
			runOnlyForDeploymentPostprocessing = 0;
		};
/* End PBXSourcesBuildPhase section */

/* Begin PBXVariantGroup section */
		6A4FBA5F2B7FF943002CBF2C /* Main.storyboard */ = {
			isa = PBXVariantGroup;
			children = (
				6A4FBA602B7FF943002CBF2C /* Base */,
			);
			name = Main.storyboard;
			sourceTree = "<group>";
		};
		6A4FBA642B7FF946002CBF2C /* LaunchScreen.storyboard */ = {
			isa = PBXVariantGroup;
			children = (
				6A4FBA652B7FF946002CBF2C /* Base */,
			);
			name = LaunchScreen.storyboard;
			sourceTree = "<group>";
		};
/* End PBXVariantGroup section */

/* Begin XCBuildConfiguration section */
		6A4FBA672B7FF946002CBF2C /* Debug */ = {
			isa = XCBuildConfiguration;
			buildSettings = {
				ALWAYS_SEARCH_USER_PATHS = NO;
				ASSETCATALOG_COMPILER_GENERATE_SWIFT_ASSET_SYMBOL_EXTENSIONS = YES;
				CLANG_ANALYZER_NONNULL = YES;
				CLANG_ANALYZER_NUMBER_OBJECT_CONVERSION = YES_AGGRESSIVE;
				CLANG_CXX_LANGUAGE_STANDARD = "gnu++20";
				CLANG_ENABLE_MODULES = YES;
				CLANG_ENABLE_OBJC_ARC = YES;
				CLANG_ENABLE_OBJC_WEAK = YES;
				CLANG_WARN_BLOCK_CAPTURE_AUTORELEASING = YES;
				CLANG_WARN_BOOL_CONVERSION = YES;
				CLANG_WARN_COMMA = YES;
				CLANG_WARN_CONSTANT_CONVERSION = YES;
				CLANG_WARN_DEPRECATED_OBJC_IMPLEMENTATIONS = YES;
				CLANG_WARN_DIRECT_OBJC_ISA_USAGE = YES_ERROR;
				CLANG_WARN_DOCUMENTATION_COMMENTS = YES;
				CLANG_WARN_EMPTY_BODY = YES;
				CLANG_WARN_ENUM_CONVERSION = YES;
				CLANG_WARN_INFINITE_RECURSION = YES;
				CLANG_WARN_INT_CONVERSION = YES;
				CLANG_WARN_NON_LITERAL_NULL_CONVERSION = YES;
				CLANG_WARN_OBJC_IMPLICIT_RETAIN_SELF = YES;
				CLANG_WARN_OBJC_LITERAL_CONVERSION = YES;
				CLANG_WARN_OBJC_ROOT_CLASS = YES_ERROR;
				CLANG_WARN_QUOTED_INCLUDE_IN_FRAMEWORK_HEADER = YES;
				CLANG_WARN_RANGE_LOOP_ANALYSIS = YES;
				CLANG_WARN_STRICT_PROTOTYPES = YES;
				CLANG_WARN_SUSPICIOUS_MOVE = YES;
				CLANG_WARN_UNGUARDED_AVAILABILITY = YES_AGGRESSIVE;
				CLANG_WARN_UNREACHABLE_CODE = YES;
				CLANG_WARN__DUPLICATE_METHOD_MATCH = YES;
				COPY_PHASE_STRIP = NO;
				DEBUG_INFORMATION_FORMAT = dwarf;
				ENABLE_STRICT_OBJC_MSGSEND = YES;
				ENABLE_TESTABILITY = YES;
				ENABLE_USER_SCRIPT_SANDBOXING = YES;
				GCC_C_LANGUAGE_STANDARD = gnu17;
				GCC_DYNAMIC_NO_PIC = NO;
				GCC_NO_COMMON_BLOCKS = YES;
				GCC_OPTIMIZATION_LEVEL = 0;
				GCC_PREPROCESSOR_DEFINITIONS = (
					"DEBUG=1",
					"$(inherited)",
				);
				GCC_WARN_64_TO_32_BIT_CONVERSION = YES;
				GCC_WARN_ABOUT_RETURN_TYPE = YES_ERROR;
				GCC_WARN_UNDECLARED_SELECTOR = YES;
				GCC_WARN_UNINITIALIZED_AUTOS = YES_AGGRESSIVE;
				GCC_WARN_UNUSED_FUNCTION = YES;
				GCC_WARN_UNUSED_VARIABLE = YES;
				IPHONEOS_DEPLOYMENT_TARGET = 17.2;
				LOCALIZATION_PREFERS_STRING_CATALOGS = YES;
				MTL_ENABLE_DEBUG_INFO = INCLUDE_SOURCE;
				MTL_FAST_MATH = YES;
				ONLY_ACTIVE_ARCH = YES;
				SDKROOT = iphoneos;
				SWIFT_ACTIVE_COMPILATION_CONDITIONS = "DEBUG $(inherited)";
				SWIFT_OPTIMIZATION_LEVEL = "-Onone";
			};
			name = Debug;
		};
		6A4FBA682B7FF946002CBF2C /* Release */ = {
			isa = XCBuildConfiguration;
			buildSettings = {
				ALWAYS_SEARCH_USER_PATHS = NO;
				ASSETCATALOG_COMPILER_GENERATE_SWIFT_ASSET_SYMBOL_EXTENSIONS = YES;
				CLANG_ANALYZER_NONNULL = YES;
				CLANG_ANALYZER_NUMBER_OBJECT_CONVERSION = YES_AGGRESSIVE;
				CLANG_CXX_LANGUAGE_STANDARD = "gnu++20";
				CLANG_ENABLE_MODULES = YES;
				CLANG_ENABLE_OBJC_ARC = YES;
				CLANG_ENABLE_OBJC_WEAK = YES;
				CLANG_WARN_BLOCK_CAPTURE_AUTORELEASING = YES;
				CLANG_WARN_BOOL_CONVERSION = YES;
				CLANG_WARN_COMMA = YES;
				CLANG_WARN_CONSTANT_CONVERSION = YES;
				CLANG_WARN_DEPRECATED_OBJC_IMPLEMENTATIONS = YES;
				CLANG_WARN_DIRECT_OBJC_ISA_USAGE = YES_ERROR;
				CLANG_WARN_DOCUMENTATION_COMMENTS = YES;
				CLANG_WARN_EMPTY_BODY = YES;
				CLANG_WARN_ENUM_CONVERSION = YES;
				CLANG_WARN_INFINITE_RECURSION = YES;
				CLANG_WARN_INT_CONVERSION = YES;
				CLANG_WARN_NON_LITERAL_NULL_CONVERSION = YES;
				CLANG_WARN_OBJC_IMPLICIT_RETAIN_SELF = YES;
				CLANG_WARN_OBJC_LITERAL_CONVERSION = YES;
				CLANG_WARN_OBJC_ROOT_CLASS = YES_ERROR;
				CLANG_WARN_QUOTED_INCLUDE_IN_FRAMEWORK_HEADER = YES;
				CLANG_WARN_RANGE_LOOP_ANALYSIS = YES;
				CLANG_WARN_STRICT_PROTOTYPES = YES;
				CLANG_WARN_SUSPICIOUS_MOVE = YES;
				CLANG_WARN_UNGUARDED_AVAILABILITY = YES_AGGRESSIVE;
				CLANG_WARN_UNREACHABLE_CODE = YES;
				CLANG_WARN__DUPLICATE_METHOD_MATCH = YES;
				COPY_PHASE_STRIP = NO;
				DEBUG_INFORMATION_FORMAT = "dwarf-with-dsym";
				ENABLE_NS_ASSERTIONS = NO;
				ENABLE_STRICT_OBJC_MSGSEND = YES;
				ENABLE_USER_SCRIPT_SANDBOXING = YES;
				GCC_C_LANGUAGE_STANDARD = gnu17;
				GCC_NO_COMMON_BLOCKS = YES;
				GCC_WARN_64_TO_32_BIT_CONVERSION = YES;
				GCC_WARN_ABOUT_RETURN_TYPE = YES_ERROR;
				GCC_WARN_UNDECLARED_SELECTOR = YES;
				GCC_WARN_UNINITIALIZED_AUTOS = YES_AGGRESSIVE;
				GCC_WARN_UNUSED_FUNCTION = YES;
				GCC_WARN_UNUSED_VARIABLE = YES;
				IPHONEOS_DEPLOYMENT_TARGET = 17.2;
				LOCALIZATION_PREFERS_STRING_CATALOGS = YES;
				MTL_ENABLE_DEBUG_INFO = NO;
				MTL_FAST_MATH = YES;
				SDKROOT = iphoneos;
				SWIFT_COMPILATION_MODE = wholemodule;
				VALIDATE_PRODUCT = YES;
			};
			name = Release;
		};
		6A4FBA6A2B7FF946002CBF2C /* Debug */ = {
			isa = XCBuildConfiguration;
			buildSettings = {
				ASSETCATALOG_COMPILER_APPICON_NAME = AppIcon;
				ASSETCATALOG_COMPILER_GLOBAL_ACCENT_COLOR_NAME = AccentColor;
				CODE_SIGN_STYLE = Automatic;
				CURRENT_PROJECT_VERSION = 1;
				DEVELOPMENT_TEAM = 9PCQ5XC84W;
				GENERATE_INFOPLIST_FILE = YES;
				INFOPLIST_KEY_UIApplicationSupportsIndirectInputEvents = YES;
				INFOPLIST_KEY_UILaunchStoryboardName = LaunchScreen;
				INFOPLIST_KEY_UIMainStoryboardFile = Main;
				INFOPLIST_KEY_UIStatusBarHidden = YES;
				INFOPLIST_KEY_UISupportedInterfaceOrientations_iPad = "UIInterfaceOrientationPortrait UIInterfaceOrientationPortraitUpsideDown UIInterfaceOrientationLandscapeLeft UIInterfaceOrientationLandscapeRight";
				INFOPLIST_KEY_UISupportedInterfaceOrientations_iPhone = "UIInterfaceOrientationPortrait UIInterfaceOrientationLandscapeLeft UIInterfaceOrientationLandscapeRight";
				LD_RUNPATH_SEARCH_PATHS = (
					"$(inherited)",
					"@executable_path/Frameworks",
				);
				MARKETING_VERSION = 1.0;
				PRODUCT_BUNDLE_IDENTIFIER = com.mustafos.SandBox;
				PRODUCT_NAME = "$(TARGET_NAME)";
				SWIFT_EMIT_LOC_STRINGS = YES;
				SWIFT_VERSION = 5.0;
				TARGETED_DEVICE_FAMILY = "1,2";
			};
			name = Debug;
		};
		6A4FBA6B2B7FF946002CBF2C /* Release */ = {
			isa = XCBuildConfiguration;
			buildSettings = {
				ASSETCATALOG_COMPILER_APPICON_NAME = AppIcon;
				ASSETCATALOG_COMPILER_GLOBAL_ACCENT_COLOR_NAME = AccentColor;
				CODE_SIGN_STYLE = Automatic;
				CURRENT_PROJECT_VERSION = 1;
				DEVELOPMENT_TEAM = 9PCQ5XC84W;
				GENERATE_INFOPLIST_FILE = YES;
				INFOPLIST_KEY_UIApplicationSupportsIndirectInputEvents = YES;
				INFOPLIST_KEY_UILaunchStoryboardName = LaunchScreen;
				INFOPLIST_KEY_UIMainStoryboardFile = Main;
				INFOPLIST_KEY_UIStatusBarHidden = YES;
				INFOPLIST_KEY_UISupportedInterfaceOrientations_iPad = "UIInterfaceOrientationPortrait UIInterfaceOrientationPortraitUpsideDown UIInterfaceOrientationLandscapeLeft UIInterfaceOrientationLandscapeRight";
				INFOPLIST_KEY_UISupportedInterfaceOrientations_iPhone = "UIInterfaceOrientationPortrait UIInterfaceOrientationLandscapeLeft UIInterfaceOrientationLandscapeRight";
				LD_RUNPATH_SEARCH_PATHS = (
					"$(inherited)",
					"@executable_path/Frameworks",
				);
				MARKETING_VERSION = 1.0;
				PRODUCT_BUNDLE_IDENTIFIER = com.mustafos.SandBox;
				PRODUCT_NAME = "$(TARGET_NAME)";
				SWIFT_EMIT_LOC_STRINGS = YES;
				SWIFT_VERSION = 5.0;
				TARGETED_DEVICE_FAMILY = "1,2";
			};
			name = Release;
		};
/* End XCBuildConfiguration section */

/* Begin XCConfigurationList section */
		6A4FBA4D2B7FF943002CBF2C /* Build configuration list for PBXProject "JumpBallPhysics" */ = {
			isa = XCConfigurationList;
			buildConfigurations = (
				6A4FBA672B7FF946002CBF2C /* Debug */,
				6A4FBA682B7FF946002CBF2C /* Release */,
			);
			defaultConfigurationIsVisible = 0;
			defaultConfigurationName = Release;
		};
		6A4FBA692B7FF946002CBF2C /* Build configuration list for PBXNativeTarget "JumpBallPhysics" */ = {
			isa = XCConfigurationList;
			buildConfigurations = (
				6A4FBA6A2B7FF946002CBF2C /* Debug */,
				6A4FBA6B2B7FF946002CBF2C /* Release */,
			);
			defaultConfigurationIsVisible = 0;
			defaultConfigurationName = Release;
		};
/* End XCConfigurationList section */
	};
	rootObject = 6A4FBA4A2B7FF943002CBF2C /* Project object */;
}
