// !$*UTF8*$!
{
	archiveVersion = 1;
	classes = {
	};
	objectVersion = 56;
	objects = {

/* Begin PBXBuildFile section */
		6A3897632A22C7DC00F7E82E /* TaskOnDictionary.swift in Sources */ = {isa = PBXBuildFile; fileRef = 6A3897622A22C7DC00F7E82E /* TaskOnDictionary.swift */; };
		6A4821462A22980F0048C327 /* AppDelegate.swift in Sources */ = {isa = PBXBuildFile; fileRef = 6A4821452A22980F0048C327 /* AppDelegate.swift */; };
		6A4821482A22980F0048C327 /* SceneDelegate.swift in Sources */ = {isa = PBXBuildFile; fileRef = 6A4821472A22980F0048C327 /* SceneDelegate.swift */; };
		6A48214A2A22980F0048C327 /* ViewController.swift in Sources */ = {isa = PBXBuildFile; fileRef = 6A4821492A22980F0048C327 /* ViewController.swift */; };
		6A48214D2A22980F0048C327 /* Main.storyboard in Resources */ = {isa = PBXBuildFile; fileRef = 6A48214B2A22980F0048C327 /* Main.storyboard */; };
		6A48214F2A2298100048C327 /* Assets.xcassets in Resources */ = {isa = PBXBuildFile; fileRef = 6A48214E2A2298100048C327 /* Assets.xcassets */; };
		6A4821522A2298100048C327 /* LaunchScreen.storyboard in Resources */ = {isa = PBXBuildFile; fileRef = 6A4821502A2298100048C327 /* LaunchScreen.storyboard */; };
		6A48215D2A2298100048C327 /* CollectionsAppTests.swift in Sources */ = {isa = PBXBuildFile; fileRef = 6A48215C2A2298100048C327 /* CollectionsAppTests.swift */; };
		6A4821672A2298100048C327 /* CollectionsAppUITests.swift in Sources */ = {isa = PBXBuildFile; fileRef = 6A4821662A2298100048C327 /* CollectionsAppUITests.swift */; };
		6A4821692A2298100048C327 /* CollectionsAppUITestsLaunchTests.swift in Sources */ = {isa = PBXBuildFile; fileRef = 6A4821682A2298100048C327 /* CollectionsAppUITestsLaunchTests.swift */; };
		6A4821762A2299010048C327 /* Extension.swift in Sources */ = {isa = PBXBuildFile; fileRef = 6A4821752A2299010048C327 /* Extension.swift */; };
		6A4821782A2299520048C327 /* MainCell.swift in Sources */ = {isa = PBXBuildFile; fileRef = 6A4821772A2299520048C327 /* MainCell.swift */; };
		6A48217A2A2299890048C327 /* MainViewModel.swift in Sources */ = {isa = PBXBuildFile; fileRef = 6A4821792A2299890048C327 /* MainViewModel.swift */; };
		6A4821832A229A2A0048C327 /* SetViewController.swift in Sources */ = {isa = PBXBuildFile; fileRef = 6A4821822A229A2A0048C327 /* SetViewController.swift */; };
		6A6E6DC62A236262008DC7ED /* DictCell.swift in Sources */ = {isa = PBXBuildFile; fileRef = 6A6E6DC42A236262008DC7ED /* DictCell.swift */; };
		6A6E6DC72A236262008DC7ED /* DictCell.xib in Resources */ = {isa = PBXBuildFile; fileRef = 6A6E6DC52A236262008DC7ED /* DictCell.xib */; };
		6AB76C342A234F92007BA1C1 /* DictViewModel.swift in Sources */ = {isa = PBXBuildFile; fileRef = 6AB76C332A234F92007BA1C1 /* DictViewModel.swift */; };
		6AE1095C2A229AB9007AE201 /* ArrayViewController.swift in Sources */ = {isa = PBXBuildFile; fileRef = 6AE1095A2A229AB9007AE201 /* ArrayViewController.swift */; };
		6AE1095D2A229AB9007AE201 /* ArrayViewController.xib in Resources */ = {isa = PBXBuildFile; fileRef = 6AE1095B2A229AB9007AE201 /* ArrayViewController.xib */; };
		6AE109602A229AD5007AE201 /* DictionaryViewController.swift in Sources */ = {isa = PBXBuildFile; fileRef = 6AE1095E2A229AD5007AE201 /* DictionaryViewController.swift */; };
		6AE109612A229AD5007AE201 /* DictionaryViewController.xib in Resources */ = {isa = PBXBuildFile; fileRef = 6AE1095F2A229AD5007AE201 /* DictionaryViewController.xib */; };
		6AE1096F2A22AB44007AE201 /* TaskOnArray.swift in Sources */ = {isa = PBXBuildFile; fileRef = 6AE1096E2A22AB44007AE201 /* TaskOnArray.swift */; };
		6AE109722A22ADA8007AE201 /* TaskCell.swift in Sources */ = {isa = PBXBuildFile; fileRef = 6AE109702A22ADA8007AE201 /* TaskCell.swift */; };
		6AE109732A22ADA8007AE201 /* TaskCell.xib in Resources */ = {isa = PBXBuildFile; fileRef = 6AE109712A22ADA8007AE201 /* TaskCell.xib */; };
		6AE109752A22B21C007AE201 /* ArrayViewModel.swift in Sources */ = {isa = PBXBuildFile; fileRef = 6AE109742A22B21C007AE201 /* ArrayViewModel.swift */; };
/* End PBXBuildFile section */

/* Begin PBXContainerItemProxy section */
		6A4821592A2298100048C327 /* PBXContainerItemProxy */ = {
			isa = PBXContainerItemProxy;
			containerPortal = 6A48213A2A22980F0048C327 /* Project object */;
			proxyType = 1;
			remoteGlobalIDString = 6A4821412A22980F0048C327;
			remoteInfo = CollectionsApp;
		};
		6A4821632A2298100048C327 /* PBXContainerItemProxy */ = {
			isa = PBXContainerItemProxy;
			containerPortal = 6A48213A2A22980F0048C327 /* Project object */;
			proxyType = 1;
			remoteGlobalIDString = 6A4821412A22980F0048C327;
			remoteInfo = CollectionsApp;
		};
/* End PBXContainerItemProxy section */

/* Begin PBXFileReference section */
		6A3897622A22C7DC00F7E82E /* TaskOnDictionary.swift */ = {isa = PBXFileReference; lastKnownFileType = sourcecode.swift; path = TaskOnDictionary.swift; sourceTree = "<group>"; };
		6A4821422A22980F0048C327 /* CollectionsApp.app */ = {isa = PBXFileReference; explicitFileType = wrapper.application; includeInIndex = 0; path = CollectionsApp.app; sourceTree = BUILT_PRODUCTS_DIR; };
		6A4821452A22980F0048C327 /* AppDelegate.swift */ = {isa = PBXFileReference; lastKnownFileType = sourcecode.swift; path = AppDelegate.swift; sourceTree = "<group>"; };
		6A4821472A22980F0048C327 /* SceneDelegate.swift */ = {isa = PBXFileReference; lastKnownFileType = sourcecode.swift; path = SceneDelegate.swift; sourceTree = "<group>"; };
		6A4821492A22980F0048C327 /* ViewController.swift */ = {isa = PBXFileReference; lastKnownFileType = sourcecode.swift; path = ViewController.swift; sourceTree = "<group>"; };
		6A48214C2A22980F0048C327 /* Base */ = {isa = PBXFileReference; lastKnownFileType = file.storyboard; name = Base; path = Base.lproj/Main.storyboard; sourceTree = "<group>"; };
		6A48214E2A2298100048C327 /* Assets.xcassets */ = {isa = PBXFileReference; lastKnownFileType = folder.assetcatalog; path = Assets.xcassets; sourceTree = "<group>"; };
		6A4821512A2298100048C327 /* Base */ = {isa = PBXFileReference; lastKnownFileType = file.storyboard; name = Base; path = Base.lproj/LaunchScreen.storyboard; sourceTree = "<group>"; };
		6A4821532A2298100048C327 /* Info.plist */ = {isa = PBXFileReference; lastKnownFileType = text.plist.xml; path = Info.plist; sourceTree = "<group>"; };
		6A4821582A2298100048C327 /* CollectionsAppTests.xctest */ = {isa = PBXFileReference; explicitFileType = wrapper.cfbundle; includeInIndex = 0; path = CollectionsAppTests.xctest; sourceTree = BUILT_PRODUCTS_DIR; };
		6A48215C2A2298100048C327 /* CollectionsAppTests.swift */ = {isa = PBXFileReference; lastKnownFileType = sourcecode.swift; path = CollectionsAppTests.swift; sourceTree = "<group>"; };
		6A4821622A2298100048C327 /* CollectionsAppUITests.xctest */ = {isa = PBXFileReference; explicitFileType = wrapper.cfbundle; includeInIndex = 0; path = CollectionsAppUITests.xctest; sourceTree = BUILT_PRODUCTS_DIR; };
		6A4821662A2298100048C327 /* CollectionsAppUITests.swift */ = {isa = PBXFileReference; lastKnownFileType = sourcecode.swift; path = CollectionsAppUITests.swift; sourceTree = "<group>"; };
		6A4821682A2298100048C327 /* CollectionsAppUITestsLaunchTests.swift */ = {isa = PBXFileReference; lastKnownFileType = sourcecode.swift; path = CollectionsAppUITestsLaunchTests.swift; sourceTree = "<group>"; };
		6A4821752A2299010048C327 /* Extension.swift */ = {isa = PBXFileReference; lastKnownFileType = sourcecode.swift; path = Extension.swift; sourceTree = "<group>"; };
		6A4821772A2299520048C327 /* MainCell.swift */ = {isa = PBXFileReference; lastKnownFileType = sourcecode.swift; path = MainCell.swift; sourceTree = "<group>"; };
		6A4821792A2299890048C327 /* MainViewModel.swift */ = {isa = PBXFileReference; lastKnownFileType = sourcecode.swift; path = MainViewModel.swift; sourceTree = "<group>"; };
		6A4821822A229A2A0048C327 /* SetViewController.swift */ = {isa = PBXFileReference; lastKnownFileType = sourcecode.swift; path = SetViewController.swift; sourceTree = "<group>"; };
		6A6E6DC42A236262008DC7ED /* DictCell.swift */ = {isa = PBXFileReference; lastKnownFileType = sourcecode.swift; path = DictCell.swift; sourceTree = "<group>"; };
		6A6E6DC52A236262008DC7ED /* DictCell.xib */ = {isa = PBXFileReference; lastKnownFileType = file.xib; path = DictCell.xib; sourceTree = "<group>"; };
		6AB76C332A234F92007BA1C1 /* DictViewModel.swift */ = {isa = PBXFileReference; lastKnownFileType = sourcecode.swift; path = DictViewModel.swift; sourceTree = "<group>"; };
		6AE1095A2A229AB9007AE201 /* ArrayViewController.swift */ = {isa = PBXFileReference; lastKnownFileType = sourcecode.swift; path = ArrayViewController.swift; sourceTree = "<group>"; };
		6AE1095B2A229AB9007AE201 /* ArrayViewController.xib */ = {isa = PBXFileReference; lastKnownFileType = file.xib; path = ArrayViewController.xib; sourceTree = "<group>"; };
		6AE1095E2A229AD5007AE201 /* DictionaryViewController.swift */ = {isa = PBXFileReference; lastKnownFileType = sourcecode.swift; path = DictionaryViewController.swift; sourceTree = "<group>"; };
		6AE1095F2A229AD5007AE201 /* DictionaryViewController.xib */ = {isa = PBXFileReference; lastKnownFileType = file.xib; path = DictionaryViewController.xib; sourceTree = "<group>"; };
		6AE1096E2A22AB44007AE201 /* TaskOnArray.swift */ = {isa = PBXFileReference; lastKnownFileType = sourcecode.swift; path = TaskOnArray.swift; sourceTree = "<group>"; };
		6AE109702A22ADA8007AE201 /* TaskCell.swift */ = {isa = PBXFileReference; lastKnownFileType = sourcecode.swift; path = TaskCell.swift; sourceTree = "<group>"; };
		6AE109712A22ADA8007AE201 /* TaskCell.xib */ = {isa = PBXFileReference; lastKnownFileType = file.xib; path = TaskCell.xib; sourceTree = "<group>"; };
		6AE109742A22B21C007AE201 /* ArrayViewModel.swift */ = {isa = PBXFileReference; lastKnownFileType = sourcecode.swift; path = ArrayViewModel.swift; sourceTree = "<group>"; };
/* End PBXFileReference section */

/* Begin PBXFrameworksBuildPhase section */
		6A48213F2A22980F0048C327 /* Frameworks */ = {
			isa = PBXFrameworksBuildPhase;
			buildActionMask = 2147483647;
			files = (
			);
			runOnlyForDeploymentPostprocessing = 0;
		};
		6A4821552A2298100048C327 /* Frameworks */ = {
			isa = PBXFrameworksBuildPhase;
			buildActionMask = 2147483647;
			files = (
			);
			runOnlyForDeploymentPostprocessing = 0;
		};
		6A48215F2A2298100048C327 /* Frameworks */ = {
			isa = PBXFrameworksBuildPhase;
			buildActionMask = 2147483647;
			files = (
			);
			runOnlyForDeploymentPostprocessing = 0;
		};
/* End PBXFrameworksBuildPhase section */

/* Begin PBXGroup section */
		6A4821392A22980F0048C327 = {
			isa = PBXGroup;
			children = (
				6A4821442A22980F0048C327 /* CollectionsApp */,
				6A48215B2A2298100048C327 /* CollectionsAppTests */,
				6A4821652A2298100048C327 /* CollectionsAppUITests */,
				6A4821432A22980F0048C327 /* Products */,
			);
			sourceTree = "<group>";
		};
		6A4821432A22980F0048C327 /* Products */ = {
			isa = PBXGroup;
			children = (
				6A4821422A22980F0048C327 /* CollectionsApp.app */,
				6A4821582A2298100048C327 /* CollectionsAppTests.xctest */,
				6A4821622A2298100048C327 /* CollectionsAppUITests.xctest */,
			);
			name = Products;
			sourceTree = "<group>";
		};
		6A4821442A22980F0048C327 /* CollectionsApp */ = {
			isa = PBXGroup;
			children = (
				6A4821452A22980F0048C327 /* AppDelegate.swift */,
				6A4821472A22980F0048C327 /* SceneDelegate.swift */,
				6A4821492A22980F0048C327 /* ViewController.swift */,
				6A48217B2A22999B0048C327 /* Model */,
				6AE109622A22A759007AE201 /* View */,
				6AE109632A22A766007AE201 /* ViewModel */,
				6A4821812A229A150048C327 /* ViewController */,
				6A48217C2A2299B20048C327 /* Files */,
			);
			path = CollectionsApp;
			sourceTree = "<group>";
		};
		6A48215B2A2298100048C327 /* CollectionsAppTests */ = {
			isa = PBXGroup;
			children = (
				6A48215C2A2298100048C327 /* CollectionsAppTests.swift */,
			);
			path = CollectionsAppTests;
			sourceTree = "<group>";
		};
		6A4821652A2298100048C327 /* CollectionsAppUITests */ = {
			isa = PBXGroup;
			children = (
				6A4821662A2298100048C327 /* CollectionsAppUITests.swift */,
				6A4821682A2298100048C327 /* CollectionsAppUITestsLaunchTests.swift */,
			);
			path = CollectionsAppUITests;
			sourceTree = "<group>";
		};
		6A48217B2A22999B0048C327 /* Model */ = {
			isa = PBXGroup;
			children = (
			);
			path = Model;
			sourceTree = "<group>";
		};
		6A48217C2A2299B20048C327 /* Files */ = {
			isa = PBXGroup;
			children = (
				6A4821752A2299010048C327 /* Extension.swift */,
				6A48214B2A22980F0048C327 /* Main.storyboard */,
				6A48214E2A2298100048C327 /* Assets.xcassets */,
				6A4821502A2298100048C327 /* LaunchScreen.storyboard */,
				6A4821532A2298100048C327 /* Info.plist */,
			);
			path = Files;
			sourceTree = "<group>";
		};
		6A4821812A229A150048C327 /* ViewController */ = {
			isa = PBXGroup;
			children = (
				6AE1095A2A229AB9007AE201 /* ArrayViewController.swift */,
				6AE1095B2A229AB9007AE201 /* ArrayViewController.xib */,
				6A4821822A229A2A0048C327 /* SetViewController.swift */,
				6AE1095E2A229AD5007AE201 /* DictionaryViewController.swift */,
				6AE1095F2A229AD5007AE201 /* DictionaryViewController.xib */,
			);
			path = ViewController;
			sourceTree = "<group>";
		};
		6AE109622A22A759007AE201 /* View */ = {
			isa = PBXGroup;
			children = (
				6A4821772A2299520048C327 /* MainCell.swift */,
				6AE109702A22ADA8007AE201 /* TaskCell.swift */,
				6AE109712A22ADA8007AE201 /* TaskCell.xib */,
				6A6E6DC42A236262008DC7ED /* DictCell.swift */,
				6A6E6DC52A236262008DC7ED /* DictCell.xib */,
				6AE1096E2A22AB44007AE201 /* TaskOnArray.swift */,
				6A3897622A22C7DC00F7E82E /* TaskOnDictionary.swift */,
			);
			path = View;
			sourceTree = "<group>";
		};
		6AE109632A22A766007AE201 /* ViewModel */ = {
			isa = PBXGroup;
			children = (
				6A4821792A2299890048C327 /* MainViewModel.swift */,
				6AE109742A22B21C007AE201 /* ArrayViewModel.swift */,
				6AB76C332A234F92007BA1C1 /* DictViewModel.swift */,
			);
			path = ViewModel;
			sourceTree = "<group>";
		};
/* End PBXGroup section */

/* Begin PBXNativeTarget section */
		6A4821412A22980F0048C327 /* CollectionsApp */ = {
			isa = PBXNativeTarget;
			buildConfigurationList = 6A48216C2A2298100048C327 /* Build configuration list for PBXNativeTarget "CollectionsApp" */;
			buildPhases = (
				6A48213E2A22980F0048C327 /* Sources */,
				6A48213F2A22980F0048C327 /* Frameworks */,
				6A4821402A22980F0048C327 /* Resources */,
			);
			buildRules = (
			);
			dependencies = (
			);
			name = CollectionsApp;
			productName = CollectionsApp;
			productReference = 6A4821422A22980F0048C327 /* CollectionsApp.app */;
			productType = "com.apple.product-type.application";
		};
		6A4821572A2298100048C327 /* CollectionsAppTests */ = {
			isa = PBXNativeTarget;
			buildConfigurationList = 6A48216F2A2298100048C327 /* Build configuration list for PBXNativeTarget "CollectionsAppTests" */;
			buildPhases = (
				6A4821542A2298100048C327 /* Sources */,
				6A4821552A2298100048C327 /* Frameworks */,
				6A4821562A2298100048C327 /* Resources */,
			);
			buildRules = (
			);
			dependencies = (
				6A48215A2A2298100048C327 /* PBXTargetDependency */,
			);
			name = CollectionsAppTests;
			productName = CollectionsAppTests;
			productReference = 6A4821582A2298100048C327 /* CollectionsAppTests.xctest */;
			productType = "com.apple.product-type.bundle.unit-test";
		};
		6A4821612A2298100048C327 /* CollectionsAppUITests */ = {
			isa = PBXNativeTarget;
			buildConfigurationList = 6A4821722A2298100048C327 /* Build configuration list for PBXNativeTarget "CollectionsAppUITests" */;
			buildPhases = (
				6A48215E2A2298100048C327 /* Sources */,
				6A48215F2A2298100048C327 /* Frameworks */,
				6A4821602A2298100048C327 /* Resources */,
			);
			buildRules = (
			);
			dependencies = (
				6A4821642A2298100048C327 /* PBXTargetDependency */,
			);
			name = CollectionsAppUITests;
			productName = CollectionsAppUITests;
			productReference = 6A4821622A2298100048C327 /* CollectionsAppUITests.xctest */;
			productType = "com.apple.product-type.bundle.ui-testing";
		};
/* End PBXNativeTarget section */

/* Begin PBXProject section */
		6A48213A2A22980F0048C327 /* Project object */ = {
			isa = PBXProject;
			attributes = {
				BuildIndependentTargetsInParallel = 1;
				LastSwiftUpdateCheck = 1420;
				LastUpgradeCheck = 1420;
				TargetAttributes = {
					6A4821412A22980F0048C327 = {
						CreatedOnToolsVersion = 14.2;
					};
					6A4821572A2298100048C327 = {
						CreatedOnToolsVersion = 14.2;
						TestTargetID = 6A4821412A22980F0048C327;
					};
					6A4821612A2298100048C327 = {
						CreatedOnToolsVersion = 14.2;
						TestTargetID = 6A4821412A22980F0048C327;
					};
				};
			};
			buildConfigurationList = 6A48213D2A22980F0048C327 /* Build configuration list for PBXProject "CollectionsApp" */;
			compatibilityVersion = "Xcode 14.0";
			developmentRegion = en;
			hasScannedForEncodings = 0;
			knownRegions = (
				en,
				Base,
			);
			mainGroup = 6A4821392A22980F0048C327;
			productRefGroup = 6A4821432A22980F0048C327 /* Products */;
			projectDirPath = "";
			projectRoot = "";
			targets = (
				6A4821412A22980F0048C327 /* CollectionsApp */,
				6A4821572A2298100048C327 /* CollectionsAppTests */,
				6A4821612A2298100048C327 /* CollectionsAppUITests */,
			);
		};
/* End PBXProject section */

/* Begin PBXResourcesBuildPhase section */
		6A4821402A22980F0048C327 /* Resources */ = {
			isa = PBXResourcesBuildPhase;
			buildActionMask = 2147483647;
			files = (
				6A4821522A2298100048C327 /* LaunchScreen.storyboard in Resources */,
				6A48214F2A2298100048C327 /* Assets.xcassets in Resources */,
				6A6E6DC72A236262008DC7ED /* DictCell.xib in Resources */,
				6AE1095D2A229AB9007AE201 /* ArrayViewController.xib in Resources */,
				6AE109612A229AD5007AE201 /* DictionaryViewController.xib in Resources */,
				6AE109732A22ADA8007AE201 /* TaskCell.xib in Resources */,
				6A48214D2A22980F0048C327 /* Main.storyboard in Resources */,
			);
			runOnlyForDeploymentPostprocessing = 0;
		};
		6A4821562A2298100048C327 /* Resources */ = {
			isa = PBXResourcesBuildPhase;
			buildActionMask = 2147483647;
			files = (
			);
			runOnlyForDeploymentPostprocessing = 0;
		};
		6A4821602A2298100048C327 /* Resources */ = {
			isa = PBXResourcesBuildPhase;
			buildActionMask = 2147483647;
			files = (
			);
			runOnlyForDeploymentPostprocessing = 0;
		};
/* End PBXResourcesBuildPhase section */

/* Begin PBXSourcesBuildPhase section */
		6A48213E2A22980F0048C327 /* Sources */ = {
			isa = PBXSourcesBuildPhase;
			buildActionMask = 2147483647;
			files = (
				6A3897632A22C7DC00F7E82E /* TaskOnDictionary.swift in Sources */,
				6AE109602A229AD5007AE201 /* DictionaryViewController.swift in Sources */,
				6AB76C342A234F92007BA1C1 /* DictViewModel.swift in Sources */,
				6AE109752A22B21C007AE201 /* ArrayViewModel.swift in Sources */,
				6A48214A2A22980F0048C327 /* ViewController.swift in Sources */,
				6A4821462A22980F0048C327 /* AppDelegate.swift in Sources */,
				6AE1095C2A229AB9007AE201 /* ArrayViewController.swift in Sources */,
				6A4821482A22980F0048C327 /* SceneDelegate.swift in Sources */,
				6A4821762A2299010048C327 /* Extension.swift in Sources */,
				6A6E6DC62A236262008DC7ED /* DictCell.swift in Sources */,
				6A4821832A229A2A0048C327 /* SetViewController.swift in Sources */,
				6AE109722A22ADA8007AE201 /* TaskCell.swift in Sources */,
				6A4821782A2299520048C327 /* MainCell.swift in Sources */,
				6AE1096F2A22AB44007AE201 /* TaskOnArray.swift in Sources */,
				6A48217A2A2299890048C327 /* MainViewModel.swift in Sources */,
			);
			runOnlyForDeploymentPostprocessing = 0;
		};
		6A4821542A2298100048C327 /* Sources */ = {
			isa = PBXSourcesBuildPhase;
			buildActionMask = 2147483647;
			files = (
				6A48215D2A2298100048C327 /* CollectionsAppTests.swift in Sources */,
			);
			runOnlyForDeploymentPostprocessing = 0;
		};
		6A48215E2A2298100048C327 /* Sources */ = {
			isa = PBXSourcesBuildPhase;
			buildActionMask = 2147483647;
			files = (
				6A4821692A2298100048C327 /* CollectionsAppUITestsLaunchTests.swift in Sources */,
				6A4821672A2298100048C327 /* CollectionsAppUITests.swift in Sources */,
			);
			runOnlyForDeploymentPostprocessing = 0;
		};
/* End PBXSourcesBuildPhase section */

/* Begin PBXTargetDependency section */
		6A48215A2A2298100048C327 /* PBXTargetDependency */ = {
			isa = PBXTargetDependency;
			target = 6A4821412A22980F0048C327 /* CollectionsApp */;
			targetProxy = 6A4821592A2298100048C327 /* PBXContainerItemProxy */;
		};
		6A4821642A2298100048C327 /* PBXTargetDependency */ = {
			isa = PBXTargetDependency;
			target = 6A4821412A22980F0048C327 /* CollectionsApp */;
			targetProxy = 6A4821632A2298100048C327 /* PBXContainerItemProxy */;
		};
/* End PBXTargetDependency section */

/* Begin PBXVariantGroup section */
		6A48214B2A22980F0048C327 /* Main.storyboard */ = {
			isa = PBXVariantGroup;
			children = (
				6A48214C2A22980F0048C327 /* Base */,
			);
			name = Main.storyboard;
			sourceTree = "<group>";
		};
		6A4821502A2298100048C327 /* LaunchScreen.storyboard */ = {
			isa = PBXVariantGroup;
			children = (
				6A4821512A2298100048C327 /* Base */,
			);
			name = LaunchScreen.storyboard;
			sourceTree = "<group>";
		};
/* End PBXVariantGroup section */

/* Begin XCBuildConfiguration section */
		6A48216A2A2298100048C327 /* Debug */ = {
			isa = XCBuildConfiguration;
			buildSettings = {
				ALWAYS_SEARCH_USER_PATHS = NO;
				CLANG_ANALYZER_NONNULL = YES;
				CLANG_ANALYZER_NUMBER_OBJECT_CONVERSION = YES_AGGRESSIVE;
				CLANG_CXX_LANGUAGE_STANDARD = "gnu++20";
				CLANG_ENABLE_MODULES = YES;
				CLANG_ENABLE_OBJC_ARC = YES;
				CLANG_ENABLE_OBJC_WEAK = YES;
				CLANG_WARN_BLOCK_CAPTURE_AUTORELEASING = YES;
				CLANG_WARN_BOOL_CONVERSION = YES;
				CLANG_WARN_COMMA = YES;
				CLANG_WARN_CONSTANT_CONVERSION = YES;
				CLANG_WARN_DEPRECATED_OBJC_IMPLEMENTATIONS = YES;
				CLANG_WARN_DIRECT_OBJC_ISA_USAGE = YES_ERROR;
				CLANG_WARN_DOCUMENTATION_COMMENTS = YES;
				CLANG_WARN_EMPTY_BODY = YES;
				CLANG_WARN_ENUM_CONVERSION = YES;
				CLANG_WARN_INFINITE_RECURSION = YES;
				CLANG_WARN_INT_CONVERSION = YES;
				CLANG_WARN_NON_LITERAL_NULL_CONVERSION = YES;
				CLANG_WARN_OBJC_IMPLICIT_RETAIN_SELF = YES;
				CLANG_WARN_OBJC_LITERAL_CONVERSION = YES;
				CLANG_WARN_OBJC_ROOT_CLASS = YES_ERROR;
				CLANG_WARN_QUOTED_INCLUDE_IN_FRAMEWORK_HEADER = YES;
				CLANG_WARN_RANGE_LOOP_ANALYSIS = YES;
				CLANG_WARN_STRICT_PROTOTYPES = YES;
				CLANG_WARN_SUSPICIOUS_MOVE = YES;
				CLANG_WARN_UNGUARDED_AVAILABILITY = YES_AGGRESSIVE;
				CLANG_WARN_UNREACHABLE_CODE = YES;
				CLANG_WARN__DUPLICATE_METHOD_MATCH = YES;
				COPY_PHASE_STRIP = NO;
				DEBUG_INFORMATION_FORMAT = dwarf;
				ENABLE_STRICT_OBJC_MSGSEND = YES;
				ENABLE_TESTABILITY = YES;
				GCC_C_LANGUAGE_STANDARD = gnu11;
				GCC_DYNAMIC_NO_PIC = NO;
				GCC_NO_COMMON_BLOCKS = YES;
				GCC_OPTIMIZATION_LEVEL = 0;
				GCC_PREPROCESSOR_DEFINITIONS = (
					"DEBUG=1",
					"$(inherited)",
				);
				GCC_WARN_64_TO_32_BIT_CONVERSION = YES;
				GCC_WARN_ABOUT_RETURN_TYPE = YES_ERROR;
				GCC_WARN_UNDECLARED_SELECTOR = YES;
				GCC_WARN_UNINITIALIZED_AUTOS = YES_AGGRESSIVE;
				GCC_WARN_UNUSED_FUNCTION = YES;
				GCC_WARN_UNUSED_VARIABLE = YES;
				IPHONEOS_DEPLOYMENT_TARGET = 15.0;
				MTL_ENABLE_DEBUG_INFO = INCLUDE_SOURCE;
				MTL_FAST_MATH = YES;
				ONLY_ACTIVE_ARCH = YES;
				SDKROOT = iphoneos;
				SWIFT_ACTIVE_COMPILATION_CONDITIONS = DEBUG;
				SWIFT_OPTIMIZATION_LEVEL = "-Onone";
			};
			name = Debug;
		};
		6A48216B2A2298100048C327 /* Release */ = {
			isa = XCBuildConfiguration;
			buildSettings = {
				ALWAYS_SEARCH_USER_PATHS = NO;
				CLANG_ANALYZER_NONNULL = YES;
				CLANG_ANALYZER_NUMBER_OBJECT_CONVERSION = YES_AGGRESSIVE;
				CLANG_CXX_LANGUAGE_STANDARD = "gnu++20";
				CLANG_ENABLE_MODULES = YES;
				CLANG_ENABLE_OBJC_ARC = YES;
				CLANG_ENABLE_OBJC_WEAK = YES;
				CLANG_WARN_BLOCK_CAPTURE_AUTORELEASING = YES;
				CLANG_WARN_BOOL_CONVERSION = YES;
				CLANG_WARN_COMMA = YES;
				CLANG_WARN_CONSTANT_CONVERSION = YES;
				CLANG_WARN_DEPRECATED_OBJC_IMPLEMENTATIONS = YES;
				CLANG_WARN_DIRECT_OBJC_ISA_USAGE = YES_ERROR;
				CLANG_WARN_DOCUMENTATION_COMMENTS = YES;
				CLANG_WARN_EMPTY_BODY = YES;
				CLANG_WARN_ENUM_CONVERSION = YES;
				CLANG_WARN_INFINITE_RECURSION = YES;
				CLANG_WARN_INT_CONVERSION = YES;
				CLANG_WARN_NON_LITERAL_NULL_CONVERSION = YES;
				CLANG_WARN_OBJC_IMPLICIT_RETAIN_SELF = YES;
				CLANG_WARN_OBJC_LITERAL_CONVERSION = YES;
				CLANG_WARN_OBJC_ROOT_CLASS = YES_ERROR;
				CLANG_WARN_QUOTED_INCLUDE_IN_FRAMEWORK_HEADER = YES;
				CLANG_WARN_RANGE_LOOP_ANALYSIS = YES;
				CLANG_WARN_STRICT_PROTOTYPES = YES;
				CLANG_WARN_SUSPICIOUS_MOVE = YES;
				CLANG_WARN_UNGUARDED_AVAILABILITY = YES_AGGRESSIVE;
				CLANG_WARN_UNREACHABLE_CODE = YES;
				CLANG_WARN__DUPLICATE_METHOD_MATCH = YES;
				COPY_PHASE_STRIP = NO;
				DEBUG_INFORMATION_FORMAT = "dwarf-with-dsym";
				ENABLE_NS_ASSERTIONS = NO;
				ENABLE_STRICT_OBJC_MSGSEND = YES;
				GCC_C_LANGUAGE_STANDARD = gnu11;
				GCC_NO_COMMON_BLOCKS = YES;
				GCC_WARN_64_TO_32_BIT_CONVERSION = YES;
				GCC_WARN_ABOUT_RETURN_TYPE = YES_ERROR;
				GCC_WARN_UNDECLARED_SELECTOR = YES;
				GCC_WARN_UNINITIALIZED_AUTOS = YES_AGGRESSIVE;
				GCC_WARN_UNUSED_FUNCTION = YES;
				GCC_WARN_UNUSED_VARIABLE = YES;
				IPHONEOS_DEPLOYMENT_TARGET = 15.0;
				MTL_ENABLE_DEBUG_INFO = NO;
				MTL_FAST_MATH = YES;
				SDKROOT = iphoneos;
				SWIFT_COMPILATION_MODE = wholemodule;
				SWIFT_OPTIMIZATION_LEVEL = "-O";
				VALIDATE_PRODUCT = YES;
			};
			name = Release;
		};
		6A48216D2A2298100048C327 /* Debug */ = {
			isa = XCBuildConfiguration;
			buildSettings = {
				ASSETCATALOG_COMPILER_APPICON_NAME = AppIcon;
				ASSETCATALOG_COMPILER_GLOBAL_ACCENT_COLOR_NAME = AccentColor;
				CODE_SIGN_STYLE = Automatic;
				CURRENT_PROJECT_VERSION = 1;
				DEVELOPMENT_TEAM = 9PCQ5XC84W;
				GENERATE_INFOPLIST_FILE = YES;
				INFOPLIST_FILE = CollectionsApp/Files/Info.plist;
				INFOPLIST_KEY_UIApplicationSupportsIndirectInputEvents = YES;
				INFOPLIST_KEY_UILaunchStoryboardName = LaunchScreen;
				INFOPLIST_KEY_UIMainStoryboardFile = Main;
				INFOPLIST_KEY_UISupportedInterfaceOrientations = UIInterfaceOrientationPortrait;
				IPHONEOS_DEPLOYMENT_TARGET = 15.0;
				LD_RUNPATH_SEARCH_PATHS = (
					"$(inherited)",
					"@executable_path/Frameworks",
				);
				MARKETING_VERSION = 1.0;
				PRODUCT_BUNDLE_IDENTIFIER = io.github.mustafos.CollectionsApp;
				PRODUCT_NAME = "$(TARGET_NAME)";
				SWIFT_EMIT_LOC_STRINGS = YES;
				SWIFT_VERSION = 5.0;
				TARGETED_DEVICE_FAMILY = "1,2";
			};
			name = Debug;
		};
		6A48216E2A2298100048C327 /* Release */ = {
			isa = XCBuildConfiguration;
			buildSettings = {
				ASSETCATALOG_COMPILER_APPICON_NAME = AppIcon;
				ASSETCATALOG_COMPILER_GLOBAL_ACCENT_COLOR_NAME = AccentColor;
				CODE_SIGN_STYLE = Automatic;
				CURRENT_PROJECT_VERSION = 1;
				DEVELOPMENT_TEAM = 9PCQ5XC84W;
				GENERATE_INFOPLIST_FILE = YES;
				INFOPLIST_FILE = CollectionsApp/Files/Info.plist;
				INFOPLIST_KEY_UIApplicationSupportsIndirectInputEvents = YES;
				INFOPLIST_KEY_UILaunchStoryboardName = LaunchScreen;
				INFOPLIST_KEY_UIMainStoryboardFile = Main;
				INFOPLIST_KEY_UISupportedInterfaceOrientations = UIInterfaceOrientationPortrait;
				IPHONEOS_DEPLOYMENT_TARGET = 15.0;
				LD_RUNPATH_SEARCH_PATHS = (
					"$(inherited)",
					"@executable_path/Frameworks",
				);
				MARKETING_VERSION = 1.0;
				PRODUCT_BUNDLE_IDENTIFIER = io.github.mustafos.CollectionsApp;
				PRODUCT_NAME = "$(TARGET_NAME)";
				SWIFT_EMIT_LOC_STRINGS = YES;
				SWIFT_VERSION = 5.0;
				TARGETED_DEVICE_FAMILY = "1,2";
			};
			name = Release;
		};
		6A4821702A2298100048C327 /* Debug */ = {
			isa = XCBuildConfiguration;
			buildSettings = {
				ALWAYS_EMBED_SWIFT_STANDARD_LIBRARIES = YES;
				BUNDLE_LOADER = "$(TEST_HOST)";
				CODE_SIGN_STYLE = Automatic;
				CURRENT_PROJECT_VERSION = 1;
				DEVELOPMENT_TEAM = 9PCQ5XC84W;
				GENERATE_INFOPLIST_FILE = YES;
				IPHONEOS_DEPLOYMENT_TARGET = 16.2;
				MARKETING_VERSION = 1.0;
				PRODUCT_BUNDLE_IDENTIFIER = io.github.mustafos.CollectionsAppTests;
				PRODUCT_NAME = "$(TARGET_NAME)";
				SWIFT_EMIT_LOC_STRINGS = NO;
				SWIFT_VERSION = 5.0;
				TARGETED_DEVICE_FAMILY = "1,2";
				TEST_HOST = "$(BUILT_PRODUCTS_DIR)/CollectionsApp.app/$(BUNDLE_EXECUTABLE_FOLDER_PATH)/CollectionsApp";
			};
			name = Debug;
		};
		6A4821712A2298100048C327 /* Release */ = {
			isa = XCBuildConfiguration;
			buildSettings = {
				ALWAYS_EMBED_SWIFT_STANDARD_LIBRARIES = YES;
				BUNDLE_LOADER = "$(TEST_HOST)";
				CODE_SIGN_STYLE = Automatic;
				CURRENT_PROJECT_VERSION = 1;
				DEVELOPMENT_TEAM = 9PCQ5XC84W;
				GENERATE_INFOPLIST_FILE = YES;
				IPHONEOS_DEPLOYMENT_TARGET = 16.2;
				MARKETING_VERSION = 1.0;
				PRODUCT_BUNDLE_IDENTIFIER = io.github.mustafos.CollectionsAppTests;
				PRODUCT_NAME = "$(TARGET_NAME)";
				SWIFT_EMIT_LOC_STRINGS = NO;
				SWIFT_VERSION = 5.0;
				TARGETED_DEVICE_FAMILY = "1,2";
				TEST_HOST = "$(BUILT_PRODUCTS_DIR)/CollectionsApp.app/$(BUNDLE_EXECUTABLE_FOLDER_PATH)/CollectionsApp";
			};
			name = Release;
		};
		6A4821732A2298100048C327 /* Debug */ = {
			isa = XCBuildConfiguration;
			buildSettings = {
				ALWAYS_EMBED_SWIFT_STANDARD_LIBRARIES = YES;
				CODE_SIGN_STYLE = Automatic;
				CURRENT_PROJECT_VERSION = 1;
				DEVELOPMENT_TEAM = 9PCQ5XC84W;
				GENERATE_INFOPLIST_FILE = YES;
				MARKETING_VERSION = 1.0;
				PRODUCT_BUNDLE_IDENTIFIER = io.github.mustafos.CollectionsAppUITests;
				PRODUCT_NAME = "$(TARGET_NAME)";
				SWIFT_EMIT_LOC_STRINGS = NO;
				SWIFT_VERSION = 5.0;
				TARGETED_DEVICE_FAMILY = "1,2";
				TEST_TARGET_NAME = CollectionsApp;
			};
			name = Debug;
		};
		6A4821742A2298100048C327 /* Release */ = {
			isa = XCBuildConfiguration;
			buildSettings = {
				ALWAYS_EMBED_SWIFT_STANDARD_LIBRARIES = YES;
				CODE_SIGN_STYLE = Automatic;
				CURRENT_PROJECT_VERSION = 1;
				DEVELOPMENT_TEAM = 9PCQ5XC84W;
				GENERATE_INFOPLIST_FILE = YES;
				MARKETING_VERSION = 1.0;
				PRODUCT_BUNDLE_IDENTIFIER = io.github.mustafos.CollectionsAppUITests;
				PRODUCT_NAME = "$(TARGET_NAME)";
				SWIFT_EMIT_LOC_STRINGS = NO;
				SWIFT_VERSION = 5.0;
				TARGETED_DEVICE_FAMILY = "1,2";
				TEST_TARGET_NAME = CollectionsApp;
			};
			name = Release;
		};
/* End XCBuildConfiguration section */

/* Begin XCConfigurationList section */
		6A48213D2A22980F0048C327 /* Build configuration list for PBXProject "CollectionsApp" */ = {
			isa = XCConfigurationList;
			buildConfigurations = (
				6A48216A2A2298100048C327 /* Debug */,
				6A48216B2A2298100048C327 /* Release */,
			);
			defaultConfigurationIsVisible = 0;
			defaultConfigurationName = Release;
		};
		6A48216C2A2298100048C327 /* Build configuration list for PBXNativeTarget "CollectionsApp" */ = {
			isa = XCConfigurationList;
			buildConfigurations = (
				6A48216D2A2298100048C327 /* Debug */,
				6A48216E2A2298100048C327 /* Release */,
			);
			defaultConfigurationIsVisible = 0;
			defaultConfigurationName = Release;
		};
		6A48216F2A2298100048C327 /* Build configuration list for PBXNativeTarget "CollectionsAppTests" */ = {
			isa = XCConfigurationList;
			buildConfigurations = (
				6A4821702A2298100048C327 /* Debug */,
				6A4821712A2298100048C327 /* Release */,
			);
			defaultConfigurationIsVisible = 0;
			defaultConfigurationName = Release;
		};
		6A4821722A2298100048C327 /* Build configuration list for PBXNativeTarget "CollectionsAppUITests" */ = {
			isa = XCConfigurationList;
			buildConfigurations = (
				6A4821732A2298100048C327 /* Debug */,
				6A4821742A2298100048C327 /* Release */,
			);
			defaultConfigurationIsVisible = 0;
			defaultConfigurationName = Release;
		};
/* End XCConfigurationList section */
	};
	rootObject = 6A48213A2A22980F0048C327 /* Project object */;
}
