// !$*UTF8*$!
{
	archiveVersion = 1;
	classes = {
	};
	objectVersion = 56;
	objects = {

/* Begin PBXBuildFile section */
		6A1612C62A57648400C44791 /* Double+Extension.swift in Sources */ = {isa = PBXBuildFile; fileRef = 6A1612C52A57648400C44791 /* Double+Extension.swift */; };
		6A2B24462A50BD160047249E /* UIView+Extension.swift in Sources */ = {isa = PBXBuildFile; fileRef = 6A2B24452A50BD160047249E /* UIView+Extension.swift */; };
		6A37CDCE2A5352A1003ED266 /* UIResponder+Extension.swift in Sources */ = {isa = PBXBuildFile; fileRef = 6A37CDCD2A5352A1003ED266 /* UIResponder+Extension.swift */; };
		6A548ECB2A51B5650008DCAA /* Tip.swift in Sources */ = {isa = PBXBuildFile; fileRef = 6A548ECA2A51B5650008DCAA /* Tip.swift */; };
		6A548ECD2A51B65B0008DCAA /* HeaderView.swift in Sources */ = {isa = PBXBuildFile; fileRef = 6A548ECC2A51B65B0008DCAA /* HeaderView.swift */; };
		6A6AFC802A54B536001CF87A /* Int+Extension.swift in Sources */ = {isa = PBXBuildFile; fileRef = 6A6AFC7F2A54B536001CF87A /* Int+Extension.swift */; };
		6A7EC2B02A59E5C300C68A4A /* TipCalculatorSnapshotTest.swift in Sources */ = {isa = PBXBuildFile; fileRef = 6A7EC2AF2A59E5C300C68A4A /* TipCalculatorSnapshotTest.swift */; };
		6A7EC2B22A59F20600C68A4A /* ScreenIdentifier.swift in Sources */ = {isa = PBXBuildFile; fileRef = 6A7EC2B12A59F20600C68A4A /* ScreenIdentifier.swift */; };
		6A7EC2B42A59F5B100C68A4A /* CalculatorScreen.swift in Sources */ = {isa = PBXBuildFile; fileRef = 6A7EC2B32A59F5B100C68A4A /* CalculatorScreen.swift */; };
		6A853EB82A51C03800DC05B8 /* CalculatorVM.swift in Sources */ = {isa = PBXBuildFile; fileRef = 6A853EB72A51C03800DC05B8 /* CalculatorVM.swift */; };
		6A853EBA2A51C1B400DC05B8 /* Result.swift in Sources */ = {isa = PBXBuildFile; fileRef = 6A853EB92A51C1B400DC05B8 /* Result.swift */; };
		6A853EBC2A51C76A00DC05B8 /* String+Extension.swift in Sources */ = {isa = PBXBuildFile; fileRef = 6A853EBB2A51C76A00DC05B8 /* String+Extension.swift */; };
		6AA7B35C2A4C4B4F00E54F47 /* AppDelegate.swift in Sources */ = {isa = PBXBuildFile; fileRef = 6AA7B35B2A4C4B4F00E54F47 /* AppDelegate.swift */; };
		6AA7B35E2A4C4B4F00E54F47 /* SceneDelegate.swift in Sources */ = {isa = PBXBuildFile; fileRef = 6AA7B35D2A4C4B4F00E54F47 /* SceneDelegate.swift */; };
		6AA7B3602A4C4B4F00E54F47 /* CalculatorVC.swift in Sources */ = {isa = PBXBuildFile; fileRef = 6AA7B35F2A4C4B4F00E54F47 /* CalculatorVC.swift */; };
		6AA7B3652A4C4B5000E54F47 /* Assets.xcassets in Resources */ = {isa = PBXBuildFile; fileRef = 6AA7B3642A4C4B5000E54F47 /* Assets.xcassets */; };
		6AA7B3682A4C4B5000E54F47 /* LaunchScreen.storyboard in Resources */ = {isa = PBXBuildFile; fileRef = 6AA7B3662A4C4B5000E54F47 /* LaunchScreen.storyboard */; };
		6AA7B3732A4C4B5000E54F47 /* TipCalculatorTests.swift in Sources */ = {isa = PBXBuildFile; fileRef = 6AA7B3722A4C4B5000E54F47 /* TipCalculatorTests.swift */; };
		6AA7B37D2A4C4B5000E54F47 /* TipCalculatorUITests.swift in Sources */ = {isa = PBXBuildFile; fileRef = 6AA7B37C2A4C4B5000E54F47 /* TipCalculatorUITests.swift */; };
		6AA7B38D2A4C4BAE00E54F47 /* CombineCocoa in Frameworks */ = {isa = PBXBuildFile; productRef = 6AA7B38C2A4C4BAE00E54F47 /* CombineCocoa */; };
		6AA7B3902A4C4BD700E54F47 /* SnapKit in Frameworks */ = {isa = PBXBuildFile; productRef = 6AA7B38F2A4C4BD700E54F47 /* SnapKit */; };
		6AA7B3932A4C4C0F00E54F47 /* CombineCocoa in Frameworks */ = {isa = PBXBuildFile; productRef = 6AA7B3922A4C4C0F00E54F47 /* CombineCocoa */; };
		6AA7B3962A4C4C7F00E54F47 /* SnapshotTesting in Frameworks */ = {isa = PBXBuildFile; productRef = 6AA7B3952A4C4C7F00E54F47 /* SnapshotTesting */; };
		6AA7B3982A4C4C9900E54F47 /* CombineCocoa in Frameworks */ = {isa = PBXBuildFile; productRef = 6AA7B3972A4C4C9900E54F47 /* CombineCocoa */; };
		6AA7B39D2A4C4F9F00E54F47 /* LogoView.swift in Sources */ = {isa = PBXBuildFile; fileRef = 6AA7B39C2A4C4F9F00E54F47 /* LogoView.swift */; };
		6AA7B39F2A4C516500E54F47 /* ResultView.swift in Sources */ = {isa = PBXBuildFile; fileRef = 6AA7B39E2A4C516500E54F47 /* ResultView.swift */; };
		6AA7B3A12A4C519B00E54F47 /* BillInputView.swift in Sources */ = {isa = PBXBuildFile; fileRef = 6AA7B3A02A4C519B00E54F47 /* BillInputView.swift */; };
		6AA7B3A32A4C51C200E54F47 /* TipInputView.swift in Sources */ = {isa = PBXBuildFile; fileRef = 6AA7B3A22A4C51C200E54F47 /* TipInputView.swift */; };
		6AA7B3A52A4C51EC00E54F47 /* SplitInputView.swift in Sources */ = {isa = PBXBuildFile; fileRef = 6AA7B3A42A4C51EC00E54F47 /* SplitInputView.swift */; };
		6AA7B3A82A4C562E00E54F47 /* ThemeColor.swift in Sources */ = {isa = PBXBuildFile; fileRef = 6AA7B3A72A4C562E00E54F47 /* ThemeColor.swift */; };
		6AA7B3AA2A4C563700E54F47 /* ThemeFont.swift in Sources */ = {isa = PBXBuildFile; fileRef = 6AA7B3A92A4C563700E54F47 /* ThemeFont.swift */; };
		6AA7B3AD2A4C568A00E54F47 /* UIColor+Extension.swift in Sources */ = {isa = PBXBuildFile; fileRef = 6AA7B3AC2A4C568A00E54F47 /* UIColor+Extension.swift */; };
		6AA7B3B02A4F6EA100E54F47 /* LabelFactory.swift in Sources */ = {isa = PBXBuildFile; fileRef = 6AA7B3AF2A4F6EA100E54F47 /* LabelFactory.swift */; };
		6ACB253F2A5835DE001C7CC3 /* AudioPlayerService.swift in Sources */ = {isa = PBXBuildFile; fileRef = 6ACB253E2A5835DE001C7CC3 /* AudioPlayerService.swift */; };
		6ACC0BBE2A51810800C0DDBD /* AmountView.swift in Sources */ = {isa = PBXBuildFile; fileRef = 6ACC0BBD2A51810800C0DDBD /* AmountView.swift */; };
/* End PBXBuildFile section */

/* Begin PBXContainerItemProxy section */
		6AA7B36F2A4C4B5000E54F47 /* PBXContainerItemProxy */ = {
			isa = PBXContainerItemProxy;
			containerPortal = 6AA7B3502A4C4B4E00E54F47 /* Project object */;
			proxyType = 1;
			remoteGlobalIDString = 6AA7B3572A4C4B4F00E54F47;
			remoteInfo = TipCalculator;
		};
		6AA7B3792A4C4B5000E54F47 /* PBXContainerItemProxy */ = {
			isa = PBXContainerItemProxy;
			containerPortal = 6AA7B3502A4C4B4E00E54F47 /* Project object */;
			proxyType = 1;
			remoteGlobalIDString = 6AA7B3572A4C4B4F00E54F47;
			remoteInfo = TipCalculator;
		};
/* End PBXContainerItemProxy section */

/* Begin PBXFileReference section */
		6A1612C52A57648400C44791 /* Double+Extension.swift */ = {isa = PBXFileReference; lastKnownFileType = sourcecode.swift; path = "Double+Extension.swift"; sourceTree = "<group>"; };
		6A2B24452A50BD160047249E /* UIView+Extension.swift */ = {isa = PBXFileReference; lastKnownFileType = sourcecode.swift; path = "UIView+Extension.swift"; sourceTree = "<group>"; };
		6A37CDCD2A5352A1003ED266 /* UIResponder+Extension.swift */ = {isa = PBXFileReference; lastKnownFileType = sourcecode.swift; path = "UIResponder+Extension.swift"; sourceTree = "<group>"; };
		6A548ECA2A51B5650008DCAA /* Tip.swift */ = {isa = PBXFileReference; lastKnownFileType = sourcecode.swift; path = Tip.swift; sourceTree = "<group>"; };
		6A548ECC2A51B65B0008DCAA /* HeaderView.swift */ = {isa = PBXFileReference; lastKnownFileType = sourcecode.swift; path = HeaderView.swift; sourceTree = "<group>"; };
		6A6AFC7F2A54B536001CF87A /* Int+Extension.swift */ = {isa = PBXFileReference; lastKnownFileType = sourcecode.swift; path = "Int+Extension.swift"; sourceTree = "<group>"; };
		6A7EC2AF2A59E5C300C68A4A /* TipCalculatorSnapshotTest.swift */ = {isa = PBXFileReference; lastKnownFileType = sourcecode.swift; path = TipCalculatorSnapshotTest.swift; sourceTree = "<group>"; };
		6A7EC2B12A59F20600C68A4A /* ScreenIdentifier.swift */ = {isa = PBXFileReference; lastKnownFileType = sourcecode.swift; path = ScreenIdentifier.swift; sourceTree = "<group>"; };
		6A7EC2B32A59F5B100C68A4A /* CalculatorScreen.swift */ = {isa = PBXFileReference; lastKnownFileType = sourcecode.swift; path = CalculatorScreen.swift; sourceTree = "<group>"; };
		6A853EB72A51C03800DC05B8 /* CalculatorVM.swift */ = {isa = PBXFileReference; lastKnownFileType = sourcecode.swift; path = CalculatorVM.swift; sourceTree = "<group>"; };
		6A853EB92A51C1B400DC05B8 /* Result.swift */ = {isa = PBXFileReference; lastKnownFileType = sourcecode.swift; path = Result.swift; sourceTree = "<group>"; };
		6A853EBB2A51C76A00DC05B8 /* String+Extension.swift */ = {isa = PBXFileReference; lastKnownFileType = sourcecode.swift; path = "String+Extension.swift"; sourceTree = "<group>"; };
		6AA7B3582A4C4B4F00E54F47 /* TipCalculator.app */ = {isa = PBXFileReference; explicitFileType = wrapper.application; includeInIndex = 0; path = TipCalculator.app; sourceTree = BUILT_PRODUCTS_DIR; };
		6AA7B35B2A4C4B4F00E54F47 /* AppDelegate.swift */ = {isa = PBXFileReference; lastKnownFileType = sourcecode.swift; path = AppDelegate.swift; sourceTree = "<group>"; };
		6AA7B35D2A4C4B4F00E54F47 /* SceneDelegate.swift */ = {isa = PBXFileReference; lastKnownFileType = sourcecode.swift; path = SceneDelegate.swift; sourceTree = "<group>"; };
		6AA7B35F2A4C4B4F00E54F47 /* CalculatorVC.swift */ = {isa = PBXFileReference; lastKnownFileType = sourcecode.swift; path = CalculatorVC.swift; sourceTree = "<group>"; };
		6AA7B3642A4C4B5000E54F47 /* Assets.xcassets */ = {isa = PBXFileReference; lastKnownFileType = folder.assetcatalog; path = Assets.xcassets; sourceTree = "<group>"; };
		6AA7B3672A4C4B5000E54F47 /* Base */ = {isa = PBXFileReference; lastKnownFileType = file.storyboard; name = Base; path = Base.lproj/LaunchScreen.storyboard; sourceTree = "<group>"; };
		6AA7B3692A4C4B5000E54F47 /* Info.plist */ = {isa = PBXFileReference; lastKnownFileType = text.plist.xml; path = Info.plist; sourceTree = "<group>"; };
		6AA7B36E2A4C4B5000E54F47 /* TipCalculatorTests.xctest */ = {isa = PBXFileReference; explicitFileType = wrapper.cfbundle; includeInIndex = 0; path = TipCalculatorTests.xctest; sourceTree = BUILT_PRODUCTS_DIR; };
		6AA7B3722A4C4B5000E54F47 /* TipCalculatorTests.swift */ = {isa = PBXFileReference; lastKnownFileType = sourcecode.swift; path = TipCalculatorTests.swift; sourceTree = "<group>"; };
		6AA7B3782A4C4B5000E54F47 /* TipCalculatorUITests.xctest */ = {isa = PBXFileReference; explicitFileType = wrapper.cfbundle; includeInIndex = 0; path = TipCalculatorUITests.xctest; sourceTree = BUILT_PRODUCTS_DIR; };
		6AA7B37C2A4C4B5000E54F47 /* TipCalculatorUITests.swift */ = {isa = PBXFileReference; lastKnownFileType = sourcecode.swift; path = TipCalculatorUITests.swift; sourceTree = "<group>"; };
		6AA7B39C2A4C4F9F00E54F47 /* LogoView.swift */ = {isa = PBXFileReference; lastKnownFileType = sourcecode.swift; path = LogoView.swift; sourceTree = "<group>"; };
		6AA7B39E2A4C516500E54F47 /* ResultView.swift */ = {isa = PBXFileReference; lastKnownFileType = sourcecode.swift; path = ResultView.swift; sourceTree = "<group>"; };
		6AA7B3A02A4C519B00E54F47 /* BillInputView.swift */ = {isa = PBXFileReference; lastKnownFileType = sourcecode.swift; path = BillInputView.swift; sourceTree = "<group>"; };
		6AA7B3A22A4C51C200E54F47 /* TipInputView.swift */ = {isa = PBXFileReference; lastKnownFileType = sourcecode.swift; path = TipInputView.swift; sourceTree = "<group>"; };
		6AA7B3A42A4C51EC00E54F47 /* SplitInputView.swift */ = {isa = PBXFileReference; lastKnownFileType = sourcecode.swift; path = SplitInputView.swift; sourceTree = "<group>"; };
		6AA7B3A72A4C562E00E54F47 /* ThemeColor.swift */ = {isa = PBXFileReference; lastKnownFileType = sourcecode.swift; path = ThemeColor.swift; sourceTree = "<group>"; };
		6AA7B3A92A4C563700E54F47 /* ThemeFont.swift */ = {isa = PBXFileReference; lastKnownFileType = sourcecode.swift; path = ThemeFont.swift; sourceTree = "<group>"; };
		6AA7B3AC2A4C568A00E54F47 /* UIColor+Extension.swift */ = {isa = PBXFileReference; lastKnownFileType = sourcecode.swift; path = "UIColor+Extension.swift"; sourceTree = "<group>"; };
		6AA7B3AF2A4F6EA100E54F47 /* LabelFactory.swift */ = {isa = PBXFileReference; lastKnownFileType = sourcecode.swift; path = LabelFactory.swift; sourceTree = "<group>"; };
		6ACB253C2A583598001C7CC3 /* click.m4a */ = {isa = PBXFileReference; lastKnownFileType = file; path = click.m4a; sourceTree = "<group>"; };
		6ACB253E2A5835DE001C7CC3 /* AudioPlayerService.swift */ = {isa = PBXFileReference; lastKnownFileType = sourcecode.swift; path = AudioPlayerService.swift; sourceTree = "<group>"; };
		6ACC0BBD2A51810800C0DDBD /* AmountView.swift */ = {isa = PBXFileReference; lastKnownFileType = sourcecode.swift; path = AmountView.swift; sourceTree = "<group>"; };
/* End PBXFileReference section */

/* Begin PBXFrameworksBuildPhase section */
		6AA7B3552A4C4B4F00E54F47 /* Frameworks */ = {
			isa = PBXFrameworksBuildPhase;
			buildActionMask = 2147483647;
			files = (
				6AA7B38D2A4C4BAE00E54F47 /* CombineCocoa in Frameworks */,
				6AA7B3902A4C4BD700E54F47 /* SnapKit in Frameworks */,
			);
			runOnlyForDeploymentPostprocessing = 0;
		};
		6AA7B36B2A4C4B5000E54F47 /* Frameworks */ = {
			isa = PBXFrameworksBuildPhase;
			buildActionMask = 2147483647;
			files = (
				6AA7B3932A4C4C0F00E54F47 /* CombineCocoa in Frameworks */,
				6AA7B3962A4C4C7F00E54F47 /* SnapshotTesting in Frameworks */,
			);
			runOnlyForDeploymentPostprocessing = 0;
		};
		6AA7B3752A4C4B5000E54F47 /* Frameworks */ = {
			isa = PBXFrameworksBuildPhase;
			buildActionMask = 2147483647;
			files = (
				6AA7B3982A4C4C9900E54F47 /* CombineCocoa in Frameworks */,
			);
			runOnlyForDeploymentPostprocessing = 0;
		};
/* End PBXFrameworksBuildPhase section */

/* Begin PBXGroup section */
		6A548EC92A51B55B0008DCAA /* Model */ = {
			isa = PBXGroup;
			children = (
				6A548ECA2A51B5650008DCAA /* Tip.swift */,
				6A853EB92A51C1B400DC05B8 /* Result.swift */,
				6A7EC2B12A59F20600C68A4A /* ScreenIdentifier.swift */,
			);
			path = Model;
			sourceTree = "<group>";
		};
		6A853EB62A51C01C00DC05B8 /* ViewModel */ = {
			isa = PBXGroup;
			children = (
				6A853EB72A51C03800DC05B8 /* CalculatorVM.swift */,
			);
			path = ViewModel;
			sourceTree = "<group>";
		};
		6AA7B34F2A4C4B4E00E54F47 = {
			isa = PBXGroup;
			children = (
				6AA7B35A2A4C4B4F00E54F47 /* TipCalculator */,
				6AA7B3712A4C4B5000E54F47 /* TipCalculatorTests */,
				6AA7B37B2A4C4B5000E54F47 /* TipCalculatorUITests */,
				6AA7B3592A4C4B4F00E54F47 /* Products */,
				6AA7B3912A4C4C0F00E54F47 /* Frameworks */,
			);
			sourceTree = "<group>";
		};
		6AA7B3592A4C4B4F00E54F47 /* Products */ = {
			isa = PBXGroup;
			children = (
				6AA7B3582A4C4B4F00E54F47 /* TipCalculator.app */,
				6AA7B36E2A4C4B5000E54F47 /* TipCalculatorTests.xctest */,
				6AA7B3782A4C4B5000E54F47 /* TipCalculatorUITests.xctest */,
			);
			name = Products;
			sourceTree = "<group>";
		};
		6AA7B35A2A4C4B4F00E54F47 /* TipCalculator */ = {
			isa = PBXGroup;
			children = (
				6AA7B35B2A4C4B4F00E54F47 /* AppDelegate.swift */,
				6AA7B35D2A4C4B4F00E54F47 /* SceneDelegate.swift */,
				6AA7B35F2A4C4B4F00E54F47 /* CalculatorVC.swift */,
				6A548EC92A51B55B0008DCAA /* Model */,
				6AA7B3992A4C4F5B00E54F47 /* View */,
				6A853EB62A51C01C00DC05B8 /* ViewModel */,
				6AA7B3AE2A4F6E8B00E54F47 /* Factory */,
				6AA7B3AB2A4C566E00E54F47 /* Extension */,
				6AA7B3A62A4C560F00E54F47 /* Helpers */,
				6ACB253D2A5835CA001C7CC3 /* Service */,
				6ACB253B2A58355A001C7CC3 /* Resource */,
				6AA7B3642A4C4B5000E54F47 /* Assets.xcassets */,
				6AA7B3662A4C4B5000E54F47 /* LaunchScreen.storyboard */,
				6AA7B3692A4C4B5000E54F47 /* Info.plist */,
			);
			path = TipCalculator;
			sourceTree = "<group>";
		};
		6AA7B3712A4C4B5000E54F47 /* TipCalculatorTests */ = {
			isa = PBXGroup;
			children = (
				6AA7B3722A4C4B5000E54F47 /* TipCalculatorTests.swift */,
				6A7EC2AF2A59E5C300C68A4A /* TipCalculatorSnapshotTest.swift */,
			);
			path = TipCalculatorTests;
			sourceTree = "<group>";
		};
		6AA7B37B2A4C4B5000E54F47 /* TipCalculatorUITests */ = {
			isa = PBXGroup;
			children = (
				6AA7B37C2A4C4B5000E54F47 /* TipCalculatorUITests.swift */,
				6A7EC2B32A59F5B100C68A4A /* CalculatorScreen.swift */,
			);
			path = TipCalculatorUITests;
			sourceTree = "<group>";
		};
		6AA7B3912A4C4C0F00E54F47 /* Frameworks */ = {
			isa = PBXGroup;
			children = (
			);
			name = Frameworks;
			sourceTree = "<group>";
		};
		6AA7B3992A4C4F5B00E54F47 /* View */ = {
			isa = PBXGroup;
			children = (
				6AA7B39C2A4C4F9F00E54F47 /* LogoView.swift */,
				6AA7B39E2A4C516500E54F47 /* ResultView.swift */,
				6ACC0BBD2A51810800C0DDBD /* AmountView.swift */,
				6AA7B3A02A4C519B00E54F47 /* BillInputView.swift */,
				6A548ECC2A51B65B0008DCAA /* HeaderView.swift */,
				6AA7B3A22A4C51C200E54F47 /* TipInputView.swift */,
				6AA7B3A42A4C51EC00E54F47 /* SplitInputView.swift */,
			);
			path = View;
			sourceTree = "<group>";
		};
		6AA7B3A62A4C560F00E54F47 /* Helpers */ = {
			isa = PBXGroup;
			children = (
				6AA7B3A72A4C562E00E54F47 /* ThemeColor.swift */,
				6AA7B3A92A4C563700E54F47 /* ThemeFont.swift */,
			);
			path = Helpers;
			sourceTree = "<group>";
		};
		6AA7B3AB2A4C566E00E54F47 /* Extension */ = {
			isa = PBXGroup;
			children = (
				6AA7B3AC2A4C568A00E54F47 /* UIColor+Extension.swift */,
				6A2B24452A50BD160047249E /* UIView+Extension.swift */,
				6A853EBB2A51C76A00DC05B8 /* String+Extension.swift */,
				6A37CDCD2A5352A1003ED266 /* UIResponder+Extension.swift */,
				6A6AFC7F2A54B536001CF87A /* Int+Extension.swift */,
				6A1612C52A57648400C44791 /* Double+Extension.swift */,
			);
			path = Extension;
			sourceTree = "<group>";
		};
		6AA7B3AE2A4F6E8B00E54F47 /* Factory */ = {
			isa = PBXGroup;
			children = (
				6AA7B3AF2A4F6EA100E54F47 /* LabelFactory.swift */,
			);
			path = Factory;
			sourceTree = "<group>";
		};
		6ACB253B2A58355A001C7CC3 /* Resource */ = {
			isa = PBXGroup;
			children = (
				6ACB253C2A583598001C7CC3 /* click.m4a */,
			);
			path = Resource;
			sourceTree = "<group>";
		};
		6ACB253D2A5835CA001C7CC3 /* Service */ = {
			isa = PBXGroup;
			children = (
				6ACB253E2A5835DE001C7CC3 /* AudioPlayerService.swift */,
			);
			path = Service;
			sourceTree = "<group>";
		};
/* End PBXGroup section */

/* Begin PBXNativeTarget section */
		6AA7B3572A4C4B4F00E54F47 /* TipCalculator */ = {
			isa = PBXNativeTarget;
			buildConfigurationList = 6AA7B3822A4C4B5000E54F47 /* Build configuration list for PBXNativeTarget "TipCalculator" */;
			buildPhases = (
				6AA7B3542A4C4B4F00E54F47 /* Sources */,
				6AA7B3552A4C4B4F00E54F47 /* Frameworks */,
				6AA7B3562A4C4B4F00E54F47 /* Resources */,
			);
			buildRules = (
			);
			dependencies = (
			);
			name = TipCalculator;
			packageProductDependencies = (
				6AA7B38C2A4C4BAE00E54F47 /* CombineCocoa */,
				6AA7B38F2A4C4BD700E54F47 /* SnapKit */,
			);
			productName = TipCalculator;
			productReference = 6AA7B3582A4C4B4F00E54F47 /* TipCalculator.app */;
			productType = "com.apple.product-type.application";
		};
		6AA7B36D2A4C4B5000E54F47 /* TipCalculatorTests */ = {
			isa = PBXNativeTarget;
			buildConfigurationList = 6AA7B3852A4C4B5000E54F47 /* Build configuration list for PBXNativeTarget "TipCalculatorTests" */;
			buildPhases = (
				6AA7B36A2A4C4B5000E54F47 /* Sources */,
				6AA7B36B2A4C4B5000E54F47 /* Frameworks */,
				6AA7B36C2A4C4B5000E54F47 /* Resources */,
			);
			buildRules = (
			);
			dependencies = (
				6AA7B3702A4C4B5000E54F47 /* PBXTargetDependency */,
			);
			name = TipCalculatorTests;
			packageProductDependencies = (
				6AA7B3922A4C4C0F00E54F47 /* CombineCocoa */,
				6AA7B3952A4C4C7F00E54F47 /* SnapshotTesting */,
			);
			productName = TipCalculatorTests;
			productReference = 6AA7B36E2A4C4B5000E54F47 /* TipCalculatorTests.xctest */;
			productType = "com.apple.product-type.bundle.unit-test";
		};
		6AA7B3772A4C4B5000E54F47 /* TipCalculatorUITests */ = {
			isa = PBXNativeTarget;
			buildConfigurationList = 6AA7B3882A4C4B5000E54F47 /* Build configuration list for PBXNativeTarget "TipCalculatorUITests" */;
			buildPhases = (
				6AA7B3742A4C4B5000E54F47 /* Sources */,
				6AA7B3752A4C4B5000E54F47 /* Frameworks */,
				6AA7B3762A4C4B5000E54F47 /* Resources */,
			);
			buildRules = (
			);
			dependencies = (
				6AA7B37A2A4C4B5000E54F47 /* PBXTargetDependency */,
			);
			name = TipCalculatorUITests;
			packageProductDependencies = (
				6AA7B3972A4C4C9900E54F47 /* CombineCocoa */,
			);
			productName = TipCalculatorUITests;
			productReference = 6AA7B3782A4C4B5000E54F47 /* TipCalculatorUITests.xctest */;
			productType = "com.apple.product-type.bundle.ui-testing";
		};
/* End PBXNativeTarget section */

/* Begin PBXProject section */
		6AA7B3502A4C4B4E00E54F47 /* Project object */ = {
			isa = PBXProject;
			attributes = {
				BuildIndependentTargetsInParallel = 1;
				LastSwiftUpdateCheck = 1430;
				LastUpgradeCheck = 1430;
				TargetAttributes = {
					6AA7B3572A4C4B4F00E54F47 = {
						CreatedOnToolsVersion = 14.3.1;
					};
					6AA7B36D2A4C4B5000E54F47 = {
						CreatedOnToolsVersion = 14.3.1;
						TestTargetID = 6AA7B3572A4C4B4F00E54F47;
					};
					6AA7B3772A4C4B5000E54F47 = {
						CreatedOnToolsVersion = 14.3.1;
						TestTargetID = 6AA7B3572A4C4B4F00E54F47;
					};
				};
			};
			buildConfigurationList = 6AA7B3532A4C4B4E00E54F47 /* Build configuration list for PBXProject "TipCalculator" */;
			compatibilityVersion = "Xcode 14.0";
			developmentRegion = en;
			hasScannedForEncodings = 0;
			knownRegions = (
				en,
				Base,
			);
			mainGroup = 6AA7B34F2A4C4B4E00E54F47;
			packageReferences = (
				6AA7B38B2A4C4BAE00E54F47 /* XCRemoteSwiftPackageReference "CombineCocoa" */,
				6AA7B38E2A4C4BD700E54F47 /* XCRemoteSwiftPackageReference "SnapKit" */,
				6AA7B3942A4C4C7F00E54F47 /* XCRemoteSwiftPackageReference "swift-snapshot-testing" */,
			);
			productRefGroup = 6AA7B3592A4C4B4F00E54F47 /* Products */;
			projectDirPath = "";
			projectRoot = "";
			targets = (
				6AA7B3572A4C4B4F00E54F47 /* TipCalculator */,
				6AA7B36D2A4C4B5000E54F47 /* TipCalculatorTests */,
				6AA7B3772A4C4B5000E54F47 /* TipCalculatorUITests */,
			);
		};
/* End PBXProject section */

/* Begin PBXResourcesBuildPhase section */
		6AA7B3562A4C4B4F00E54F47 /* Resources */ = {
			isa = PBXResourcesBuildPhase;
			buildActionMask = 2147483647;
			files = (
				6AA7B3682A4C4B5000E54F47 /* LaunchScreen.storyboard in Resources */,
				6AA7B3652A4C4B5000E54F47 /* Assets.xcassets in Resources */,
			);
			runOnlyForDeploymentPostprocessing = 0;
		};
		6AA7B36C2A4C4B5000E54F47 /* Resources */ = {
			isa = PBXResourcesBuildPhase;
			buildActionMask = 2147483647;
			files = (
			);
			runOnlyForDeploymentPostprocessing = 0;
		};
		6AA7B3762A4C4B5000E54F47 /* Resources */ = {
			isa = PBXResourcesBuildPhase;
			buildActionMask = 2147483647;
			files = (
			);
			runOnlyForDeploymentPostprocessing = 0;
		};
/* End PBXResourcesBuildPhase section */

/* Begin PBXSourcesBuildPhase section */
		6AA7B3542A4C4B4F00E54F47 /* Sources */ = {
			isa = PBXSourcesBuildPhase;
			buildActionMask = 2147483647;
			files = (
				6A853EBA2A51C1B400DC05B8 /* Result.swift in Sources */,
				6A853EB82A51C03800DC05B8 /* CalculatorVM.swift in Sources */,
				6A37CDCE2A5352A1003ED266 /* UIResponder+Extension.swift in Sources */,
				6A6AFC802A54B536001CF87A /* Int+Extension.swift in Sources */,
				6A7EC2B22A59F20600C68A4A /* ScreenIdentifier.swift in Sources */,
				6ACC0BBE2A51810800C0DDBD /* AmountView.swift in Sources */,
				6A853EBC2A51C76A00DC05B8 /* String+Extension.swift in Sources */,
				6AA7B3602A4C4B4F00E54F47 /* CalculatorVC.swift in Sources */,
				6A2B24462A50BD160047249E /* UIView+Extension.swift in Sources */,
				6AA7B39D2A4C4F9F00E54F47 /* LogoView.swift in Sources */,
				6AA7B3A82A4C562E00E54F47 /* ThemeColor.swift in Sources */,
				6AA7B3AD2A4C568A00E54F47 /* UIColor+Extension.swift in Sources */,
				6AA7B3A12A4C519B00E54F47 /* BillInputView.swift in Sources */,
				6ACB253F2A5835DE001C7CC3 /* AudioPlayerService.swift in Sources */,
				6AA7B39F2A4C516500E54F47 /* ResultView.swift in Sources */,
				6AA7B35C2A4C4B4F00E54F47 /* AppDelegate.swift in Sources */,
				6AA7B3AA2A4C563700E54F47 /* ThemeFont.swift in Sources */,
				6AA7B35E2A4C4B4F00E54F47 /* SceneDelegate.swift in Sources */,
				6A1612C62A57648400C44791 /* Double+Extension.swift in Sources */,
				6AA7B3B02A4F6EA100E54F47 /* LabelFactory.swift in Sources */,
				6A548ECB2A51B5650008DCAA /* Tip.swift in Sources */,
				6AA7B3A52A4C51EC00E54F47 /* SplitInputView.swift in Sources */,
				6AA7B3A32A4C51C200E54F47 /* TipInputView.swift in Sources */,
				6A548ECD2A51B65B0008DCAA /* HeaderView.swift in Sources */,
			);
			runOnlyForDeploymentPostprocessing = 0;
		};
		6AA7B36A2A4C4B5000E54F47 /* Sources */ = {
			isa = PBXSourcesBuildPhase;
			buildActionMask = 2147483647;
			files = (
				6AA7B3732A4C4B5000E54F47 /* TipCalculatorTests.swift in Sources */,
				6A7EC2B02A59E5C300C68A4A /* TipCalculatorSnapshotTest.swift in Sources */,
			);
			runOnlyForDeploymentPostprocessing = 0;
		};
		6AA7B3742A4C4B5000E54F47 /* Sources */ = {
			isa = PBXSourcesBuildPhase;
			buildActionMask = 2147483647;
			files = (
				6AA7B37D2A4C4B5000E54F47 /* TipCalculatorUITests.swift in Sources */,
				6A7EC2B42A59F5B100C68A4A /* CalculatorScreen.swift in Sources */,
			);
			runOnlyForDeploymentPostprocessing = 0;
		};
/* End PBXSourcesBuildPhase section */

/* Begin PBXTargetDependency section */
		6AA7B3702A4C4B5000E54F47 /* PBXTargetDependency */ = {
			isa = PBXTargetDependency;
			target = 6AA7B3572A4C4B4F00E54F47 /* TipCalculator */;
			targetProxy = 6AA7B36F2A4C4B5000E54F47 /* PBXContainerItemProxy */;
		};
		6AA7B37A2A4C4B5000E54F47 /* PBXTargetDependency */ = {
			isa = PBXTargetDependency;
			target = 6AA7B3572A4C4B4F00E54F47 /* TipCalculator */;
			targetProxy = 6AA7B3792A4C4B5000E54F47 /* PBXContainerItemProxy */;
		};
/* End PBXTargetDependency section */

/* Begin PBXVariantGroup section */
		6AA7B3662A4C4B5000E54F47 /* LaunchScreen.storyboard */ = {
			isa = PBXVariantGroup;
			children = (
				6AA7B3672A4C4B5000E54F47 /* Base */,
			);
			name = LaunchScreen.storyboard;
			sourceTree = "<group>";
		};
/* End PBXVariantGroup section */

/* Begin XCBuildConfiguration section */
		6AA7B3802A4C4B5000E54F47 /* Debug */ = {
			isa = XCBuildConfiguration;
			buildSettings = {
				ALWAYS_SEARCH_USER_PATHS = NO;
				CLANG_ANALYZER_NONNULL = YES;
				CLANG_ANALYZER_NUMBER_OBJECT_CONVERSION = YES_AGGRESSIVE;
				CLANG_CXX_LANGUAGE_STANDARD = "gnu++20";
				CLANG_ENABLE_MODULES = YES;
				CLANG_ENABLE_OBJC_ARC = YES;
				CLANG_ENABLE_OBJC_WEAK = YES;
				CLANG_WARN_BLOCK_CAPTURE_AUTORELEASING = YES;
				CLANG_WARN_BOOL_CONVERSION = YES;
				CLANG_WARN_COMMA = YES;
				CLANG_WARN_CONSTANT_CONVERSION = YES;
				CLANG_WARN_DEPRECATED_OBJC_IMPLEMENTATIONS = YES;
				CLANG_WARN_DIRECT_OBJC_ISA_USAGE = YES_ERROR;
				CLANG_WARN_DOCUMENTATION_COMMENTS = YES;
				CLANG_WARN_EMPTY_BODY = YES;
				CLANG_WARN_ENUM_CONVERSION = YES;
				CLANG_WARN_INFINITE_RECURSION = YES;
				CLANG_WARN_INT_CONVERSION = YES;
				CLANG_WARN_NON_LITERAL_NULL_CONVERSION = YES;
				CLANG_WARN_OBJC_IMPLICIT_RETAIN_SELF = YES;
				CLANG_WARN_OBJC_LITERAL_CONVERSION = YES;
				CLANG_WARN_OBJC_ROOT_CLASS = YES_ERROR;
				CLANG_WARN_QUOTED_INCLUDE_IN_FRAMEWORK_HEADER = YES;
				CLANG_WARN_RANGE_LOOP_ANALYSIS = YES;
				CLANG_WARN_STRICT_PROTOTYPES = YES;
				CLANG_WARN_SUSPICIOUS_MOVE = YES;
				CLANG_WARN_UNGUARDED_AVAILABILITY = YES_AGGRESSIVE;
				CLANG_WARN_UNREACHABLE_CODE = YES;
				CLANG_WARN__DUPLICATE_METHOD_MATCH = YES;
				COPY_PHASE_STRIP = NO;
				DEBUG_INFORMATION_FORMAT = dwarf;
				ENABLE_STRICT_OBJC_MSGSEND = YES;
				ENABLE_TESTABILITY = YES;
				GCC_C_LANGUAGE_STANDARD = gnu11;
				GCC_DYNAMIC_NO_PIC = NO;
				GCC_NO_COMMON_BLOCKS = YES;
				GCC_OPTIMIZATION_LEVEL = 0;
				GCC_PREPROCESSOR_DEFINITIONS = (
					"DEBUG=1",
					"$(inherited)",
				);
				GCC_WARN_64_TO_32_BIT_CONVERSION = YES;
				GCC_WARN_ABOUT_RETURN_TYPE = YES_ERROR;
				GCC_WARN_UNDECLARED_SELECTOR = YES;
				GCC_WARN_UNINITIALIZED_AUTOS = YES_AGGRESSIVE;
				GCC_WARN_UNUSED_FUNCTION = YES;
				GCC_WARN_UNUSED_VARIABLE = YES;
				IPHONEOS_DEPLOYMENT_TARGET = 16.4;
				MTL_ENABLE_DEBUG_INFO = INCLUDE_SOURCE;
				MTL_FAST_MATH = YES;
				ONLY_ACTIVE_ARCH = YES;
				SDKROOT = iphoneos;
				SWIFT_ACTIVE_COMPILATION_CONDITIONS = DEBUG;
				SWIFT_OPTIMIZATION_LEVEL = "-Onone";
			};
			name = Debug;
		};
		6AA7B3812A4C4B5000E54F47 /* Release */ = {
			isa = XCBuildConfiguration;
			buildSettings = {
				ALWAYS_SEARCH_USER_PATHS = NO;
				CLANG_ANALYZER_NONNULL = YES;
				CLANG_ANALYZER_NUMBER_OBJECT_CONVERSION = YES_AGGRESSIVE;
				CLANG_CXX_LANGUAGE_STANDARD = "gnu++20";
				CLANG_ENABLE_MODULES = YES;
				CLANG_ENABLE_OBJC_ARC = YES;
				CLANG_ENABLE_OBJC_WEAK = YES;
				CLANG_WARN_BLOCK_CAPTURE_AUTORELEASING = YES;
				CLANG_WARN_BOOL_CONVERSION = YES;
				CLANG_WARN_COMMA = YES;
				CLANG_WARN_CONSTANT_CONVERSION = YES;
				CLANG_WARN_DEPRECATED_OBJC_IMPLEMENTATIONS = YES;
				CLANG_WARN_DIRECT_OBJC_ISA_USAGE = YES_ERROR;
				CLANG_WARN_DOCUMENTATION_COMMENTS = YES;
				CLANG_WARN_EMPTY_BODY = YES;
				CLANG_WARN_ENUM_CONVERSION = YES;
				CLANG_WARN_INFINITE_RECURSION = YES;
				CLANG_WARN_INT_CONVERSION = YES;
				CLANG_WARN_NON_LITERAL_NULL_CONVERSION = YES;
				CLANG_WARN_OBJC_IMPLICIT_RETAIN_SELF = YES;
				CLANG_WARN_OBJC_LITERAL_CONVERSION = YES;
				CLANG_WARN_OBJC_ROOT_CLASS = YES_ERROR;
				CLANG_WARN_QUOTED_INCLUDE_IN_FRAMEWORK_HEADER = YES;
				CLANG_WARN_RANGE_LOOP_ANALYSIS = YES;
				CLANG_WARN_STRICT_PROTOTYPES = YES;
				CLANG_WARN_SUSPICIOUS_MOVE = YES;
				CLANG_WARN_UNGUARDED_AVAILABILITY = YES_AGGRESSIVE;
				CLANG_WARN_UNREACHABLE_CODE = YES;
				CLANG_WARN__DUPLICATE_METHOD_MATCH = YES;
				COPY_PHASE_STRIP = NO;
				DEBUG_INFORMATION_FORMAT = "dwarf-with-dsym";
				ENABLE_NS_ASSERTIONS = NO;
				ENABLE_STRICT_OBJC_MSGSEND = YES;
				GCC_C_LANGUAGE_STANDARD = gnu11;
				GCC_NO_COMMON_BLOCKS = YES;
				GCC_WARN_64_TO_32_BIT_CONVERSION = YES;
				GCC_WARN_ABOUT_RETURN_TYPE = YES_ERROR;
				GCC_WARN_UNDECLARED_SELECTOR = YES;
				GCC_WARN_UNINITIALIZED_AUTOS = YES_AGGRESSIVE;
				GCC_WARN_UNUSED_FUNCTION = YES;
				GCC_WARN_UNUSED_VARIABLE = YES;
				IPHONEOS_DEPLOYMENT_TARGET = 16.4;
				MTL_ENABLE_DEBUG_INFO = NO;
				MTL_FAST_MATH = YES;
				SDKROOT = iphoneos;
				SWIFT_COMPILATION_MODE = wholemodule;
				SWIFT_OPTIMIZATION_LEVEL = "-O";
				VALIDATE_PRODUCT = YES;
			};
			name = Release;
		};
		6AA7B3832A4C4B5000E54F47 /* Debug */ = {
			isa = XCBuildConfiguration;
			buildSettings = {
				ASSETCATALOG_COMPILER_APPICON_NAME = AppIcon;
				ASSETCATALOG_COMPILER_GLOBAL_ACCENT_COLOR_NAME = AccentColor;
				CODE_SIGN_STYLE = Automatic;
				CURRENT_PROJECT_VERSION = 1;
				DEVELOPMENT_TEAM = 9PCQ5XC84W;
				GENERATE_INFOPLIST_FILE = YES;
				INFOPLIST_FILE = TipCalculator/Info.plist;
				INFOPLIST_KEY_UIApplicationSupportsIndirectInputEvents = YES;
				INFOPLIST_KEY_UILaunchStoryboardName = LaunchScreen;
				INFOPLIST_KEY_UISupportedInterfaceOrientations_iPad = "UIInterfaceOrientationPortrait UIInterfaceOrientationPortraitUpsideDown UIInterfaceOrientationLandscapeLeft UIInterfaceOrientationLandscapeRight";
				INFOPLIST_KEY_UISupportedInterfaceOrientations_iPhone = "UIInterfaceOrientationPortrait UIInterfaceOrientationLandscapeLeft UIInterfaceOrientationLandscapeRight";
				LD_RUNPATH_SEARCH_PATHS = (
					"$(inherited)",
					"@executable_path/Frameworks",
				);
				MARKETING_VERSION = 1.0;
				PRODUCT_BUNDLE_IDENTIFIER = io.github.mustafos.TipCalculator;
				PRODUCT_NAME = "$(TARGET_NAME)";
				SWIFT_EMIT_LOC_STRINGS = YES;
				SWIFT_VERSION = 5.0;
				TARGETED_DEVICE_FAMILY = "1,2";
			};
			name = Debug;
		};
		6AA7B3842A4C4B5000E54F47 /* Release */ = {
			isa = XCBuildConfiguration;
			buildSettings = {
				ASSETCATALOG_COMPILER_APPICON_NAME = AppIcon;
				ASSETCATALOG_COMPILER_GLOBAL_ACCENT_COLOR_NAME = AccentColor;
				CODE_SIGN_STYLE = Automatic;
				CURRENT_PROJECT_VERSION = 1;
				DEVELOPMENT_TEAM = 9PCQ5XC84W;
				GENERATE_INFOPLIST_FILE = YES;
				INFOPLIST_FILE = TipCalculator/Info.plist;
				INFOPLIST_KEY_UIApplicationSupportsIndirectInputEvents = YES;
				INFOPLIST_KEY_UILaunchStoryboardName = LaunchScreen;
				INFOPLIST_KEY_UISupportedInterfaceOrientations_iPad = "UIInterfaceOrientationPortrait UIInterfaceOrientationPortraitUpsideDown UIInterfaceOrientationLandscapeLeft UIInterfaceOrientationLandscapeRight";
				INFOPLIST_KEY_UISupportedInterfaceOrientations_iPhone = "UIInterfaceOrientationPortrait UIInterfaceOrientationLandscapeLeft UIInterfaceOrientationLandscapeRight";
				LD_RUNPATH_SEARCH_PATHS = (
					"$(inherited)",
					"@executable_path/Frameworks",
				);
				MARKETING_VERSION = 1.0;
				PRODUCT_BUNDLE_IDENTIFIER = io.github.mustafos.TipCalculator;
				PRODUCT_NAME = "$(TARGET_NAME)";
				SWIFT_EMIT_LOC_STRINGS = YES;
				SWIFT_VERSION = 5.0;
				TARGETED_DEVICE_FAMILY = "1,2";
			};
			name = Release;
		};
		6AA7B3862A4C4B5000E54F47 /* Debug */ = {
			isa = XCBuildConfiguration;
			buildSettings = {
				ALWAYS_EMBED_SWIFT_STANDARD_LIBRARIES = YES;
				BUNDLE_LOADER = "$(TEST_HOST)";
				CODE_SIGN_STYLE = Automatic;
				CURRENT_PROJECT_VERSION = 1;
				DEVELOPMENT_TEAM = 9PCQ5XC84W;
				GENERATE_INFOPLIST_FILE = YES;
				IPHONEOS_DEPLOYMENT_TARGET = 16.4;
				MARKETING_VERSION = 1.0;
				PRODUCT_BUNDLE_IDENTIFIER = io.github.mustafos.TipCalculatorTests;
				PRODUCT_NAME = "$(TARGET_NAME)";
				SWIFT_EMIT_LOC_STRINGS = NO;
				SWIFT_VERSION = 5.0;
				TARGETED_DEVICE_FAMILY = "1,2";
				TEST_HOST = "$(BUILT_PRODUCTS_DIR)/TipCalculator.app/$(BUNDLE_EXECUTABLE_FOLDER_PATH)/TipCalculator";
			};
			name = Debug;
		};
		6AA7B3872A4C4B5000E54F47 /* Release */ = {
			isa = XCBuildConfiguration;
			buildSettings = {
				ALWAYS_EMBED_SWIFT_STANDARD_LIBRARIES = YES;
				BUNDLE_LOADER = "$(TEST_HOST)";
				CODE_SIGN_STYLE = Automatic;
				CURRENT_PROJECT_VERSION = 1;
				DEVELOPMENT_TEAM = 9PCQ5XC84W;
				GENERATE_INFOPLIST_FILE = YES;
				IPHONEOS_DEPLOYMENT_TARGET = 16.4;
				MARKETING_VERSION = 1.0;
				PRODUCT_BUNDLE_IDENTIFIER = io.github.mustafos.TipCalculatorTests;
				PRODUCT_NAME = "$(TARGET_NAME)";
				SWIFT_EMIT_LOC_STRINGS = NO;
				SWIFT_VERSION = 5.0;
				TARGETED_DEVICE_FAMILY = "1,2";
				TEST_HOST = "$(BUILT_PRODUCTS_DIR)/TipCalculator.app/$(BUNDLE_EXECUTABLE_FOLDER_PATH)/TipCalculator";
			};
			name = Release;
		};
		6AA7B3892A4C4B5000E54F47 /* Debug */ = {
			isa = XCBuildConfiguration;
			buildSettings = {
				ALWAYS_EMBED_SWIFT_STANDARD_LIBRARIES = YES;
				CODE_SIGN_STYLE = Automatic;
				CURRENT_PROJECT_VERSION = 1;
				DEVELOPMENT_TEAM = 9PCQ5XC84W;
				GENERATE_INFOPLIST_FILE = YES;
				MARKETING_VERSION = 1.0;
				PRODUCT_BUNDLE_IDENTIFIER = io.github.mustafos.TipCalculatorUITests;
				PRODUCT_NAME = "$(TARGET_NAME)";
				SWIFT_EMIT_LOC_STRINGS = NO;
				SWIFT_VERSION = 5.0;
				TARGETED_DEVICE_FAMILY = "1,2";
				TEST_TARGET_NAME = TipCalculator;
			};
			name = Debug;
		};
		6AA7B38A2A4C4B5000E54F47 /* Release */ = {
			isa = XCBuildConfiguration;
			buildSettings = {
				ALWAYS_EMBED_SWIFT_STANDARD_LIBRARIES = YES;
				CODE_SIGN_STYLE = Automatic;
				CURRENT_PROJECT_VERSION = 1;
				DEVELOPMENT_TEAM = 9PCQ5XC84W;
				GENERATE_INFOPLIST_FILE = YES;
				MARKETING_VERSION = 1.0;
				PRODUCT_BUNDLE_IDENTIFIER = io.github.mustafos.TipCalculatorUITests;
				PRODUCT_NAME = "$(TARGET_NAME)";
				SWIFT_EMIT_LOC_STRINGS = NO;
				SWIFT_VERSION = 5.0;
				TARGETED_DEVICE_FAMILY = "1,2";
				TEST_TARGET_NAME = TipCalculator;
			};
			name = Release;
		};
/* End XCBuildConfiguration section */

/* Begin XCConfigurationList section */
		6AA7B3532A4C4B4E00E54F47 /* Build configuration list for PBXProject "TipCalculator" */ = {
			isa = XCConfigurationList;
			buildConfigurations = (
				6AA7B3802A4C4B5000E54F47 /* Debug */,
				6AA7B3812A4C4B5000E54F47 /* Release */,
			);
			defaultConfigurationIsVisible = 0;
			defaultConfigurationName = Release;
		};
		6AA7B3822A4C4B5000E54F47 /* Build configuration list for PBXNativeTarget "TipCalculator" */ = {
			isa = XCConfigurationList;
			buildConfigurations = (
				6AA7B3832A4C4B5000E54F47 /* Debug */,
				6AA7B3842A4C4B5000E54F47 /* Release */,
			);
			defaultConfigurationIsVisible = 0;
			defaultConfigurationName = Release;
		};
		6AA7B3852A4C4B5000E54F47 /* Build configuration list for PBXNativeTarget "TipCalculatorTests" */ = {
			isa = XCConfigurationList;
			buildConfigurations = (
				6AA7B3862A4C4B5000E54F47 /* Debug */,
				6AA7B3872A4C4B5000E54F47 /* Release */,
			);
			defaultConfigurationIsVisible = 0;
			defaultConfigurationName = Release;
		};
		6AA7B3882A4C4B5000E54F47 /* Build configuration list for PBXNativeTarget "TipCalculatorUITests" */ = {
			isa = XCConfigurationList;
			buildConfigurations = (
				6AA7B3892A4C4B5000E54F47 /* Debug */,
				6AA7B38A2A4C4B5000E54F47 /* Release */,
			);
			defaultConfigurationIsVisible = 0;
			defaultConfigurationName = Release;
		};
/* End XCConfigurationList section */

/* Begin XCRemoteSwiftPackageReference section */
		6AA7B38B2A4C4BAE00E54F47 /* XCRemoteSwiftPackageReference "CombineCocoa" */ = {
			isa = XCRemoteSwiftPackageReference;
			repositoryURL = "https://github.com/CombineCommunity/CombineCocoa.git";
			requirement = {
				kind = upToNextMajorVersion;
				minimumVersion = 0.4.1;
			};
		};
		6AA7B38E2A4C4BD700E54F47 /* XCRemoteSwiftPackageReference "SnapKit" */ = {
			isa = XCRemoteSwiftPackageReference;
			repositoryURL = "https://github.com/SnapKit/SnapKit.git";
			requirement = {
				kind = upToNextMajorVersion;
				minimumVersion = 5.0.0;
			};
		};
		6AA7B3942A4C4C7F00E54F47 /* XCRemoteSwiftPackageReference "swift-snapshot-testing" */ = {
			isa = XCRemoteSwiftPackageReference;
			repositoryURL = "https://github.com/pointfreeco/swift-snapshot-testing.git";
			requirement = {
				kind = upToNextMajorVersion;
				minimumVersion = 1.0.0;
			};
		};
/* End XCRemoteSwiftPackageReference section */

/* Begin XCSwiftPackageProductDependency section */
		6AA7B38C2A4C4BAE00E54F47 /* CombineCocoa */ = {
			isa = XCSwiftPackageProductDependency;
			package = 6AA7B38B2A4C4BAE00E54F47 /* XCRemoteSwiftPackageReference "CombineCocoa" */;
			productName = CombineCocoa;
		};
		6AA7B38F2A4C4BD700E54F47 /* SnapKit */ = {
			isa = XCSwiftPackageProductDependency;
			package = 6AA7B38E2A4C4BD700E54F47 /* XCRemoteSwiftPackageReference "SnapKit" */;
			productName = SnapKit;
		};
		6AA7B3922A4C4C0F00E54F47 /* CombineCocoa */ = {
			isa = XCSwiftPackageProductDependency;
			package = 6AA7B38B2A4C4BAE00E54F47 /* XCRemoteSwiftPackageReference "CombineCocoa" */;
			productName = CombineCocoa;
		};
		6AA7B3952A4C4C7F00E54F47 /* SnapshotTesting */ = {
			isa = XCSwiftPackageProductDependency;
			package = 6AA7B3942A4C4C7F00E54F47 /* XCRemoteSwiftPackageReference "swift-snapshot-testing" */;
			productName = SnapshotTesting;
		};
		6AA7B3972A4C4C9900E54F47 /* CombineCocoa */ = {
			isa = XCSwiftPackageProductDependency;
			package = 6AA7B38B2A4C4BAE00E54F47 /* XCRemoteSwiftPackageReference "CombineCocoa" */;
			productName = CombineCocoa;
		};
/* End XCSwiftPackageProductDependency section */
	};
	rootObject = 6AA7B3502A4C4B4E00E54F47 /* Project object */;
}
